// !$*UTF8*$!
{
	archiveVersion = 1;
	classes = {
	};
	objectVersion = 46;
	objects = {

/* Begin PBXBuildFile section */
		210960C51C08DE9600EB8F84 /* SelectedCollectionCell.swift in Sources */ = {isa = PBXBuildFile; fileRef = 210960C41C08DE9600EB8F84 /* SelectedCollectionCell.swift */; };
		210960C71C08F01800EB8F84 /* SelectedCanvasCell.swift in Sources */ = {isa = PBXBuildFile; fileRef = 210960C61C08F01800EB8F84 /* SelectedCanvasCell.swift */; };
		210960C91C08F25000EB8F84 /* AlertController.swift in Sources */ = {isa = PBXBuildFile; fileRef = 210960C81C08F24F00EB8F84 /* AlertController.swift */; };
		210960D41C091CAE00EB8F84 /* Font.swift in Sources */ = {isa = PBXBuildFile; fileRef = 210960D31C091CAE00EB8F84 /* Font.swift */; };
		210960D61C091F7800EB8F84 /* LightTheme.swift in Sources */ = {isa = PBXBuildFile; fileRef = 210960D51C091F7800EB8F84 /* LightTheme.swift */; };
		2114833C1C0D68530072F94B /* Main.storyboard in Resources */ = {isa = PBXBuildFile; fileRef = 2114833A1C0D68530072F94B /* Main.storyboard */; };
		212404F91C233E4200BF0C91 /* CanvasKit.framework in Frameworks */ = {isa = PBXBuildFile; fileRef = 212404EE1C233E2D00BF0C91 /* CanvasKit.framework */; };
		212404FA1C233E4200BF0C91 /* CanvasText.framework in Frameworks */ = {isa = PBXBuildFile; fileRef = 212404DF1C233E2500BF0C91 /* CanvasText.framework */; };
		212404FB1C233E4D00BF0C91 /* CanvasKit.framework in Embed Frameworks */ = {isa = PBXBuildFile; fileRef = 212404EE1C233E2D00BF0C91 /* CanvasKit.framework */; settings = {ATTRIBUTES = (CodeSignOnCopy, RemoveHeadersOnCopy, ); }; };
		212404FC1C233E5200BF0C91 /* CanvasText.framework in Embed Frameworks */ = {isa = PBXBuildFile; fileRef = 212404DF1C233E2500BF0C91 /* CanvasText.framework */; settings = {ATTRIBUTES = (CodeSignOnCopy, RemoveHeadersOnCopy, ); }; };
		212405031C23562800BF0C91 /* Localizeable.strings in Resources */ = {isa = PBXBuildFile; fileRef = 212405011C23562800BF0C91 /* Localizeable.strings */; };
		2124050B1C23564100BF0C91 /* LocalizedString.swift in Sources */ = {isa = PBXBuildFile; fileRef = 2124050A1C23564100BF0C91 /* LocalizedString.swift */; };
		2129D30A1BF55C340018F255 /* LoginViewController.swift in Sources */ = {isa = PBXBuildFile; fileRef = 2129D3091BF55C340018F255 /* LoginViewController.swift */; };
		2129D30C1BF560810018F255 /* Color.swift in Sources */ = {isa = PBXBuildFile; fileRef = 2129D30B1BF560810018F255 /* Color.swift */; };
		2129D30E1BF561400018F255 /* OrganizationsViewController.swift in Sources */ = {isa = PBXBuildFile; fileRef = 2129D30D1BF561400018F255 /* OrganizationsViewController.swift */; };
		2129D3101BF5634A0018F255 /* Accountable.swift in Sources */ = {isa = PBXBuildFile; fileRef = 2129D30F1BF5634A0018F255 /* Accountable.swift */; };
		2129D3121BF568AB0018F255 /* OrganizationCanvasesViewController.swift in Sources */ = {isa = PBXBuildFile; fileRef = 2129D3111BF568AB0018F255 /* OrganizationCanvasesViewController.swift */; };
		213139201C22104000B09904 /* UIFont+Canvas.swift in Sources */ = {isa = PBXBuildFile; fileRef = 2131391F1C22104000B09904 /* UIFont+Canvas.swift */; };
		2134FADF1BFC09E300AE93CC /* BulletView.swift in Sources */ = {isa = PBXBuildFile; fileRef = 2134FADE1BFC09E300AE93CC /* BulletView.swift */; };
		2134FAE11BFC0A6A00AE93CC /* CanvasTextView.swift in Sources */ = {isa = PBXBuildFile; fileRef = 2134FAE01BFC0A6A00AE93CC /* CanvasTextView.swift */; };
		213598081C1A22FC00200825 /* Camo.framework in Frameworks */ = {isa = PBXBuildFile; fileRef = 213598021C1A22FC00200825 /* Camo.framework */; };
		2135980A1C1A22FC00200825 /* CommonCrypto.framework in Frameworks */ = {isa = PBXBuildFile; fileRef = 213598041C1A22FC00200825 /* CommonCrypto.framework */; };
		2135980C1C1A22FC00200825 /* Crypto.framework in Frameworks */ = {isa = PBXBuildFile; fileRef = 213598061C1A22FC00200825 /* Crypto.framework */; };
		213791C51C1790E2000FACCC /* CanvasesViewController.swift in Sources */ = {isa = PBXBuildFile; fileRef = 213791C41C1790E2000FACCC /* CanvasesViewController.swift */; };
		215642151C06B46E00685847 /* Mixpanel.framework in Frameworks */ = {isa = PBXBuildFile; fileRef = 215642111C06B46E00685847 /* Mixpanel.framework */; };
		2156421F1C06B4ED00685847 /* Analytics.swift in Sources */ = {isa = PBXBuildFile; fileRef = 2156421E1C06B4ED00685847 /* Analytics.swift */; };
		215642221C06BBE600685847 /* Button.swift in Sources */ = {isa = PBXBuildFile; fileRef = 215642211C06BBE600685847 /* Button.swift */; };
		215642291C06C40000685847 /* ImagesController.swift in Sources */ = {isa = PBXBuildFile; fileRef = 215642281C06C40000685847 /* ImagesController.swift */; };
		216343F61C0D43BB00916A8B /* CodeBlockBackgroundView.swift in Sources */ = {isa = PBXBuildFile; fileRef = 216343F51C0D43BB00916A8B /* CodeBlockBackgroundView.swift */; };
		219334011C0FC5DD000A974B /* AlgoliaSearch.framework in Frameworks */ = {isa = PBXBuildFile; fileRef = 219333FF1C0FC5DD000A974B /* AlgoliaSearch.framework */; };
		219334051C0FC6DD000A974B /* Canvas+Canvas.swift in Sources */ = {isa = PBXBuildFile; fileRef = 219334041C0FC6DD000A974B /* Canvas+Canvas.swift */; };
		219334131C0FD91D000A974B /* SearchController.swift in Sources */ = {isa = PBXBuildFile; fileRef = 219334121C0FD91D000A974B /* SearchController.swift */; };
		21952C8D1C1A032A006068E4 /* KeyboardSelectionView.swift in Sources */ = {isa = PBXBuildFile; fileRef = 21952C8C1C1A032A006068E4 /* KeyboardSelectionView.swift */; };
		219DAC821C0E75DC00F39A6F /* InsertionPointTextView.swift in Sources */ = {isa = PBXBuildFile; fileRef = 219DAC811C0E75DC00F39A6F /* InsertionPointTextView.swift */; };
		219DAC8A1C0F819700F39A6F /* NSDate+Canvas.swift in Sources */ = {isa = PBXBuildFile; fileRef = 219DAC891C0F819700F39A6F /* NSDate+Canvas.swift */; };
		219DAC921C0F98BD00F39A6F /* Configuration.swift in Sources */ = {isa = PBXBuildFile; fileRef = 219DAC911C0F98BD00F39A6F /* Configuration.swift */; };
		21A8FA3D1BFD04F20097FCC6 /* CollectionCell.swift in Sources */ = {isa = PBXBuildFile; fileRef = 21A8FA3C1BFD04F20097FCC6 /* CollectionCell.swift */; };
		21A8FA4A1BFD085F0097FCC6 /* CanvasCell.swift in Sources */ = {isa = PBXBuildFile; fileRef = 21A8FA491BFD085F0097FCC6 /* CanvasCell.swift */; };
		21A8FA5B1BFD30790097FCC6 /* WebActivity.swift in Sources */ = {isa = PBXBuildFile; fileRef = 21A8FA5A1BFD30790097FCC6 /* WebActivity.swift */; };
		21A8FA5D1BFD33DB0097FCC6 /* ChromeActivity.swift in Sources */ = {isa = PBXBuildFile; fileRef = 21A8FA5C1BFD33DB0097FCC6 /* ChromeActivity.swift */; };
		21A8FA5F1BFD33EA0097FCC6 /* SafariActivity.swift in Sources */ = {isa = PBXBuildFile; fileRef = 21A8FA5E1BFD33EA0097FCC6 /* SafariActivity.swift */; };
		21B742C81BFF991600FF293C /* NumberView.swift in Sources */ = {isa = PBXBuildFile; fileRef = 21B742C71BFF991600FF293C /* NumberView.swift */; };
		21B742D91BFFCFDB00FF293C /* BlockquoteBorderView.swift in Sources */ = {isa = PBXBuildFile; fileRef = 21B742D81BFFCFDB00FF293C /* BlockquoteBorderView.swift */; };
		21B742E01C03BD9000FF293C /* TableViewController.swift in Sources */ = {isa = PBXBuildFile; fileRef = 21B742DF1C03BD9000FF293C /* TableViewController.swift */; };
		21B742ED1C03BDF400FF293C /* ModelsViewController.swift in Sources */ = {isa = PBXBuildFile; fileRef = 21B742EC1C03BDF400FF293C /* ModelsViewController.swift */; };
		21B8D8D91BFC0E0B001ED447 /* CheckboxView.swift in Sources */ = {isa = PBXBuildFile; fileRef = 21B8D8D81BFC0E0B001ED447 /* CheckboxView.swift */; };
		21C0F3681C1B81B700328E36 /* CanvasTextView+Gestures.swift in Sources */ = {isa = PBXBuildFile; fileRef = 21C0F3671C1B81B700328E36 /* CanvasTextView+Gestures.swift */; };
		21C0F36D1C1B81F700328E36 /* CanvasTextView+Annotations.swift in Sources */ = {isa = PBXBuildFile; fileRef = 21C0F36C1C1B81F700328E36 /* CanvasTextView+Annotations.swift */; };
		21C576951C19002A0015B8A5 /* CanvasesResultsViewController.swift in Sources */ = {isa = PBXBuildFile; fileRef = 21C576941C19002A0015B8A5 /* CanvasesResultsViewController.swift */; };
		21D2B1981C0D0AED003652B7 /* Settings.bundle in Resources */ = {isa = PBXBuildFile; fileRef = 21D2B1971C0D0AED003652B7 /* Settings.bundle */; };
		21E48B011C0447AC00C9F6AA /* ISO8601.framework in Frameworks */ = {isa = PBXBuildFile; fileRef = 21AE3F3D1C0423E300AE5DDC /* ISO8601.framework */; };
		21E48B021C0447AC00C9F6AA /* Longhouse.framework in Frameworks */ = {isa = PBXBuildFile; fileRef = 21AE3F3F1C0423E300AE5DDC /* Longhouse.framework */; };
		21E48B031C0447AC00C9F6AA /* OnePasswordExtension.framework in Frameworks */ = {isa = PBXBuildFile; fileRef = 21AE3F411C0423E300AE5DDC /* OnePasswordExtension.framework */; };
		21E48B041C0447AC00C9F6AA /* SocketRocket.framework in Frameworks */ = {isa = PBXBuildFile; fileRef = 21AE3F431C0423E300AE5DDC /* SocketRocket.framework */; };
		21E48B061C0447AC00C9F6AA /* Static.framework in Frameworks */ = {isa = PBXBuildFile; fileRef = 21AE3F461C0423E300AE5DDC /* Static.framework */; };
		21F10F4E1BF138750035057D /* AppDelegate.swift in Sources */ = {isa = PBXBuildFile; fileRef = 21F10F4D1BF138750035057D /* AppDelegate.swift */; };
		21F10F501BF138750035057D /* EditorViewController.swift in Sources */ = {isa = PBXBuildFile; fileRef = 21F10F4F1BF138750035057D /* EditorViewController.swift */; };
		21F10F651BF13D720035057D /* Assets.xcassets in Resources */ = {isa = PBXBuildFile; fileRef = 21F10F601BF13D720035057D /* Assets.xcassets */; };
		21F10F661BF13D720035057D /* LaunchScreen.storyboard in Resources */ = {isa = PBXBuildFile; fileRef = 21F10F611BF13D720035057D /* LaunchScreen.storyboard */; };
		21FB6AB01BF53B8E003C82BB /* RootViewController.swift in Sources */ = {isa = PBXBuildFile; fileRef = 21FB6AAF1BF53B8E003C82BB /* RootViewController.swift */; };
		21FCB5801C07685000F78D93 /* LoginTextField.swift in Sources */ = {isa = PBXBuildFile; fileRef = 21FCB57F1C07685000F78D93 /* LoginTextField.swift */; };
		21FCB5831C0777E200F78D93 /* CGRect+Canvas.swift in Sources */ = {isa = PBXBuildFile; fileRef = 21FCB5821C0777E200F78D93 /* CGRect+Canvas.swift */; };
		21FCB5851C077C8100F78D93 /* UIEdgeInsets+Canvas.swift in Sources */ = {isa = PBXBuildFile; fileRef = 21FCB5841C077C8100F78D93 /* UIEdgeInsets+Canvas.swift */; };
		21FCB58D1C07929A00F78D93 /* NSCache+Canvas.swift in Sources */ = {isa = PBXBuildFile; fileRef = 21FCB58C1C07929A00F78D93 /* NSCache+Canvas.swift */; };
/* End PBXBuildFile section */

/* Begin PBXContainerItemProxy section */
		212404DE1C233E2500BF0C91 /* PBXContainerItemProxy */ = {
			isa = PBXContainerItemProxy;
			containerPortal = 212404D71C233E2500BF0C91 /* CanvasText.xcodeproj */;
			proxyType = 2;
			remoteGlobalIDString = 21A8F9F01BFCF4BD0097FCC6;
			remoteInfo = "CanvasText-iOS";
		};
		212404E01C233E2500BF0C91 /* PBXContainerItemProxy */ = {
			isa = PBXContainerItemProxy;
			containerPortal = 212404D71C233E2500BF0C91 /* CanvasText.xcodeproj */;
			proxyType = 2;
			remoteGlobalIDString = 21A8F9FA1BFCF4BD0097FCC6;
			remoteInfo = "CanvasTextTests-iOS";
		};
		212404E21C233E2500BF0C91 /* PBXContainerItemProxy */ = {
			isa = PBXContainerItemProxy;
			containerPortal = 212404D71C233E2500BF0C91 /* CanvasText.xcodeproj */;
			proxyType = 2;
			remoteGlobalIDString = 21A8FA791BFE7B5A0097FCC6;
			remoteInfo = "CanvasText-OSX";
		};
		212404E41C233E2500BF0C91 /* PBXContainerItemProxy */ = {
			isa = PBXContainerItemProxy;
			containerPortal = 212404D71C233E2500BF0C91 /* CanvasText.xcodeproj */;
			proxyType = 2;
			remoteGlobalIDString = 21A8FA821BFE7B5A0097FCC6;
			remoteInfo = "CanvasTextTests-OSX";
		};
		212404ED1C233E2D00BF0C91 /* PBXContainerItemProxy */ = {
			isa = PBXContainerItemProxy;
			containerPortal = 212404E61C233E2D00BF0C91 /* CanvasKit.xcodeproj */;
			proxyType = 2;
			remoteGlobalIDString = 21FB6ABB1BF53C9D003C82BB;
			remoteInfo = "CanvasKit-iOS";
		};
		212404EF1C233E2D00BF0C91 /* PBXContainerItemProxy */ = {
			isa = PBXContainerItemProxy;
			containerPortal = 212404E61C233E2D00BF0C91 /* CanvasKit.xcodeproj */;
			proxyType = 2;
			remoteGlobalIDString = 21FB6AC51BF53C9D003C82BB;
			remoteInfo = "CanvasKit-iOSTests";
		};
		212404F11C233E2D00BF0C91 /* PBXContainerItemProxy */ = {
			isa = PBXContainerItemProxy;
			containerPortal = 212404E61C233E2D00BF0C91 /* CanvasKit.xcodeproj */;
			proxyType = 2;
			remoteGlobalIDString = 216C4B971BF54AB100260B8E;
			remoteInfo = "CanvasKit-OSX";
		};
		212404F31C233E2D00BF0C91 /* PBXContainerItemProxy */ = {
			isa = PBXContainerItemProxy;
			containerPortal = 212404E61C233E2D00BF0C91 /* CanvasKit.xcodeproj */;
			proxyType = 2;
			remoteGlobalIDString = 216C4BA01BF54AB100260B8E;
			remoteInfo = "CanvasKit-OSXTests";
		};
		212404F51C233E3C00BF0C91 /* PBXContainerItemProxy */ = {
			isa = PBXContainerItemProxy;
			containerPortal = 212404D71C233E2500BF0C91 /* CanvasText.xcodeproj */;
			proxyType = 1;
			remoteGlobalIDString = 21A8F9EF1BFCF4BD0097FCC6;
			remoteInfo = "CanvasText-iOS";
		};
		212404F71C233E3C00BF0C91 /* PBXContainerItemProxy */ = {
			isa = PBXContainerItemProxy;
			containerPortal = 212404E61C233E2D00BF0C91 /* CanvasKit.xcodeproj */;
			proxyType = 1;
			remoteGlobalIDString = 21FB6ABA1BF53C9D003C82BB;
			remoteInfo = "CanvasKit-iOS";
		};
/* End PBXContainerItemProxy section */

/* Begin PBXCopyFilesBuildPhase section */
		21F8F1B21BF296480096D2AF /* Embed Frameworks */ = {
			isa = PBXCopyFilesBuildPhase;
			buildActionMask = 2147483647;
			dstPath = "";
			dstSubfolderSpec = 10;
			files = (
				212404FC1C233E5200BF0C91 /* CanvasText.framework in Embed Frameworks */,
				212404FB1C233E4D00BF0C91 /* CanvasKit.framework in Embed Frameworks */,
			);
			name = "Embed Frameworks";
			runOnlyForDeploymentPostprocessing = 0;
		};
/* End PBXCopyFilesBuildPhase section */

/* Begin PBXFileReference section */
		210960C41C08DE9600EB8F84 /* SelectedCollectionCell.swift */ = {isa = PBXFileReference; fileEncoding = 4; lastKnownFileType = sourcecode.swift; path = SelectedCollectionCell.swift; sourceTree = "<group>"; };
		210960C61C08F01800EB8F84 /* SelectedCanvasCell.swift */ = {isa = PBXFileReference; fileEncoding = 4; lastKnownFileType = sourcecode.swift; path = SelectedCanvasCell.swift; sourceTree = "<group>"; };
		210960C81C08F24F00EB8F84 /* AlertController.swift */ = {isa = PBXFileReference; fileEncoding = 4; lastKnownFileType = sourcecode.swift; path = AlertController.swift; sourceTree = "<group>"; };
		210960D31C091CAE00EB8F84 /* Font.swift */ = {isa = PBXFileReference; fileEncoding = 4; lastKnownFileType = sourcecode.swift; path = Font.swift; sourceTree = "<group>"; };
		210960D51C091F7800EB8F84 /* LightTheme.swift */ = {isa = PBXFileReference; fileEncoding = 4; lastKnownFileType = sourcecode.swift; path = LightTheme.swift; sourceTree = "<group>"; };
		2114833B1C0D68530072F94B /* Base */ = {isa = PBXFileReference; lastKnownFileType = file.storyboard; name = Base; path = Base.lproj/Main.storyboard; sourceTree = "<group>"; };
		212404D71C233E2500BF0C91 /* CanvasText.xcodeproj */ = {isa = PBXFileReference; lastKnownFileType = "wrapper.pb-project"; name = CanvasText.xcodeproj; path = Vendor/CanvasText/CanvasText.xcodeproj; sourceTree = "<group>"; };
		212404E61C233E2D00BF0C91 /* CanvasKit.xcodeproj */ = {isa = PBXFileReference; lastKnownFileType = "wrapper.pb-project"; name = CanvasKit.xcodeproj; path = Vendor/CanvasKit/CanvasKit.xcodeproj; sourceTree = "<group>"; };
		212405021C23562800BF0C91 /* en */ = {isa = PBXFileReference; lastKnownFileType = text.plist.strings; name = en; path = en.lproj/Localizeable.strings; sourceTree = "<group>"; };
		2124050A1C23564100BF0C91 /* LocalizedString.swift */ = {isa = PBXFileReference; fileEncoding = 4; lastKnownFileType = sourcecode.swift; path = LocalizedString.swift; sourceTree = "<group>"; };
		2129D3091BF55C340018F255 /* LoginViewController.swift */ = {isa = PBXFileReference; fileEncoding = 4; lastKnownFileType = sourcecode.swift; path = LoginViewController.swift; sourceTree = "<group>"; };
		2129D30B1BF560810018F255 /* Color.swift */ = {isa = PBXFileReference; fileEncoding = 4; lastKnownFileType = sourcecode.swift; path = Color.swift; sourceTree = "<group>"; };
		2129D30D1BF561400018F255 /* OrganizationsViewController.swift */ = {isa = PBXFileReference; fileEncoding = 4; lastKnownFileType = sourcecode.swift; path = OrganizationsViewController.swift; sourceTree = "<group>"; };
		2129D30F1BF5634A0018F255 /* Accountable.swift */ = {isa = PBXFileReference; fileEncoding = 4; lastKnownFileType = sourcecode.swift; path = Accountable.swift; sourceTree = "<group>"; };
		2129D3111BF568AB0018F255 /* OrganizationCanvasesViewController.swift */ = {isa = PBXFileReference; fileEncoding = 4; lastKnownFileType = sourcecode.swift; path = OrganizationCanvasesViewController.swift; sourceTree = "<group>"; };
		2131391F1C22104000B09904 /* UIFont+Canvas.swift */ = {isa = PBXFileReference; fileEncoding = 4; lastKnownFileType = sourcecode.swift; path = "UIFont+Canvas.swift"; sourceTree = "<group>"; };
		2134FADE1BFC09E300AE93CC /* BulletView.swift */ = {isa = PBXFileReference; fileEncoding = 4; lastKnownFileType = sourcecode.swift; path = BulletView.swift; sourceTree = "<group>"; };
		2134FAE01BFC0A6A00AE93CC /* CanvasTextView.swift */ = {isa = PBXFileReference; fileEncoding = 4; lastKnownFileType = sourcecode.swift; path = CanvasTextView.swift; sourceTree = "<group>"; };
		213598021C1A22FC00200825 /* Camo.framework */ = {isa = PBXFileReference; lastKnownFileType = wrapper.framework; name = Camo.framework; path = Carthage/Build/iOS/Camo.framework; sourceTree = "<group>"; };
		213598031C1A22FC00200825 /* Camo.framework.dSYM */ = {isa = PBXFileReference; lastKnownFileType = wrapper.dsym; name = Camo.framework.dSYM; path = Carthage/Build/iOS/Camo.framework.dSYM; sourceTree = "<group>"; };
		213598041C1A22FC00200825 /* CommonCrypto.framework */ = {isa = PBXFileReference; lastKnownFileType = wrapper.framework; name = CommonCrypto.framework; path = Carthage/Build/iOS/CommonCrypto.framework; sourceTree = "<group>"; };
		213598051C1A22FC00200825 /* CommonCrypto.framework.dSYM */ = {isa = PBXFileReference; lastKnownFileType = wrapper.dsym; name = CommonCrypto.framework.dSYM; path = Carthage/Build/iOS/CommonCrypto.framework.dSYM; sourceTree = "<group>"; };
		213598061C1A22FC00200825 /* Crypto.framework */ = {isa = PBXFileReference; lastKnownFileType = wrapper.framework; name = Crypto.framework; path = Carthage/Build/iOS/Crypto.framework; sourceTree = "<group>"; };
		213598071C1A22FC00200825 /* Crypto.framework.dSYM */ = {isa = PBXFileReference; lastKnownFileType = wrapper.dsym; name = Crypto.framework.dSYM; path = Carthage/Build/iOS/Crypto.framework.dSYM; sourceTree = "<group>"; };
		213791C41C1790E2000FACCC /* CanvasesViewController.swift */ = {isa = PBXFileReference; fileEncoding = 4; lastKnownFileType = sourcecode.swift; path = CanvasesViewController.swift; sourceTree = "<group>"; };
		215642111C06B46E00685847 /* Mixpanel.framework */ = {isa = PBXFileReference; lastKnownFileType = wrapper.framework; name = Mixpanel.framework; path = Carthage/Build/iOS/Mixpanel.framework; sourceTree = "<group>"; };
		215642121C06B46E00685847 /* Mixpanel.framework.dSYM */ = {isa = PBXFileReference; lastKnownFileType = wrapper.dsym; name = Mixpanel.framework.dSYM; path = Carthage/Build/iOS/Mixpanel.framework.dSYM; sourceTree = "<group>"; };
		215642131C06B46E00685847 /* SocketRocket.framework.dSYM */ = {isa = PBXFileReference; lastKnownFileType = wrapper.dsym; name = SocketRocket.framework.dSYM; path = Carthage/Build/iOS/SocketRocket.framework.dSYM; sourceTree = "<group>"; };
		2156421E1C06B4ED00685847 /* Analytics.swift */ = {isa = PBXFileReference; fileEncoding = 4; lastKnownFileType = sourcecode.swift; path = Analytics.swift; sourceTree = "<group>"; };
		215642211C06BBE600685847 /* Button.swift */ = {isa = PBXFileReference; fileEncoding = 4; lastKnownFileType = sourcecode.swift; path = Button.swift; sourceTree = "<group>"; };
		215642281C06C40000685847 /* ImagesController.swift */ = {isa = PBXFileReference; fileEncoding = 4; lastKnownFileType = sourcecode.swift; path = ImagesController.swift; sourceTree = "<group>"; };
		216343F51C0D43BB00916A8B /* CodeBlockBackgroundView.swift */ = {isa = PBXFileReference; fileEncoding = 4; lastKnownFileType = sourcecode.swift; path = CodeBlockBackgroundView.swift; sourceTree = "<group>"; };
		219333FF1C0FC5DD000A974B /* AlgoliaSearch.framework */ = {isa = PBXFileReference; lastKnownFileType = wrapper.framework; name = AlgoliaSearch.framework; path = Carthage/Build/iOS/AlgoliaSearch.framework; sourceTree = "<group>"; };
		219334001C0FC5DD000A974B /* AlgoliaSearch.framework.dSYM */ = {isa = PBXFileReference; lastKnownFileType = wrapper.dsym; name = AlgoliaSearch.framework.dSYM; path = Carthage/Build/iOS/AlgoliaSearch.framework.dSYM; sourceTree = "<group>"; };
		219334041C0FC6DD000A974B /* Canvas+Canvas.swift */ = {isa = PBXFileReference; fileEncoding = 4; lastKnownFileType = sourcecode.swift; path = "Canvas+Canvas.swift"; sourceTree = "<group>"; };
		219334121C0FD91D000A974B /* SearchController.swift */ = {isa = PBXFileReference; fileEncoding = 4; lastKnownFileType = sourcecode.swift; path = SearchController.swift; sourceTree = "<group>"; };
		21952C8C1C1A032A006068E4 /* KeyboardSelectionView.swift */ = {isa = PBXFileReference; fileEncoding = 4; lastKnownFileType = sourcecode.swift; path = KeyboardSelectionView.swift; sourceTree = "<group>"; };
		219DAC811C0E75DC00F39A6F /* InsertionPointTextView.swift */ = {isa = PBXFileReference; fileEncoding = 4; lastKnownFileType = sourcecode.swift; path = InsertionPointTextView.swift; sourceTree = "<group>"; };
		219DAC891C0F819700F39A6F /* NSDate+Canvas.swift */ = {isa = PBXFileReference; fileEncoding = 4; lastKnownFileType = sourcecode.swift; path = "NSDate+Canvas.swift"; sourceTree = "<group>"; };
		219DAC911C0F98BD00F39A6F /* Configuration.swift */ = {isa = PBXFileReference; fileEncoding = 4; lastKnownFileType = sourcecode.swift; path = Configuration.swift; sourceTree = "<group>"; };
		21A8FA3C1BFD04F20097FCC6 /* CollectionCell.swift */ = {isa = PBXFileReference; fileEncoding = 4; lastKnownFileType = sourcecode.swift; path = CollectionCell.swift; sourceTree = "<group>"; };
		21A8FA491BFD085F0097FCC6 /* CanvasCell.swift */ = {isa = PBXFileReference; fileEncoding = 4; lastKnownFileType = sourcecode.swift; path = CanvasCell.swift; sourceTree = "<group>"; };
		21A8FA5A1BFD30790097FCC6 /* WebActivity.swift */ = {isa = PBXFileReference; fileEncoding = 4; lastKnownFileType = sourcecode.swift; path = WebActivity.swift; sourceTree = "<group>"; };
		21A8FA5C1BFD33DB0097FCC6 /* ChromeActivity.swift */ = {isa = PBXFileReference; fileEncoding = 4; lastKnownFileType = sourcecode.swift; path = ChromeActivity.swift; sourceTree = "<group>"; };
		21A8FA5E1BFD33EA0097FCC6 /* SafariActivity.swift */ = {isa = PBXFileReference; fileEncoding = 4; lastKnownFileType = sourcecode.swift; path = SafariActivity.swift; sourceTree = "<group>"; };
		21A8FA621BFD3E0F0097FCC6 /* Canvas.entitlements */ = {isa = PBXFileReference; lastKnownFileType = text.xml; path = Canvas.entitlements; sourceTree = "<group>"; };
		21AE3F3D1C0423E300AE5DDC /* ISO8601.framework */ = {isa = PBXFileReference; lastKnownFileType = wrapper.framework; name = ISO8601.framework; path = Carthage/Build/iOS/ISO8601.framework; sourceTree = "<group>"; };
		21AE3F3E1C0423E300AE5DDC /* ISO8601.framework.dSYM */ = {isa = PBXFileReference; lastKnownFileType = wrapper.dsym; name = ISO8601.framework.dSYM; path = Carthage/Build/iOS/ISO8601.framework.dSYM; sourceTree = "<group>"; };
		21AE3F3F1C0423E300AE5DDC /* Longhouse.framework */ = {isa = PBXFileReference; lastKnownFileType = wrapper.framework; name = Longhouse.framework; path = Carthage/Build/iOS/Longhouse.framework; sourceTree = "<group>"; };
		21AE3F401C0423E300AE5DDC /* Longhouse.framework.dSYM */ = {isa = PBXFileReference; lastKnownFileType = wrapper.dsym; name = Longhouse.framework.dSYM; path = Carthage/Build/iOS/Longhouse.framework.dSYM; sourceTree = "<group>"; };
		21AE3F411C0423E300AE5DDC /* OnePasswordExtension.framework */ = {isa = PBXFileReference; lastKnownFileType = wrapper.framework; name = OnePasswordExtension.framework; path = Carthage/Build/iOS/OnePasswordExtension.framework; sourceTree = "<group>"; };
		21AE3F421C0423E300AE5DDC /* OnePasswordExtension.framework.dSYM */ = {isa = PBXFileReference; lastKnownFileType = wrapper.dsym; name = OnePasswordExtension.framework.dSYM; path = Carthage/Build/iOS/OnePasswordExtension.framework.dSYM; sourceTree = "<group>"; };
		21AE3F431C0423E300AE5DDC /* SocketRocket.framework */ = {isa = PBXFileReference; lastKnownFileType = wrapper.framework; name = SocketRocket.framework; path = Carthage/Build/iOS/SocketRocket.framework; sourceTree = "<group>"; };
		21AE3F461C0423E300AE5DDC /* Static.framework */ = {isa = PBXFileReference; lastKnownFileType = wrapper.framework; name = Static.framework; path = Carthage/Build/iOS/Static.framework; sourceTree = "<group>"; };
		21AE3F471C0423E300AE5DDC /* Static.framework.dSYM */ = {isa = PBXFileReference; lastKnownFileType = wrapper.dsym; name = Static.framework.dSYM; path = Carthage/Build/iOS/Static.framework.dSYM; sourceTree = "<group>"; };
		21B742C71BFF991600FF293C /* NumberView.swift */ = {isa = PBXFileReference; fileEncoding = 4; lastKnownFileType = sourcecode.swift; path = NumberView.swift; sourceTree = "<group>"; };
		21B742D81BFFCFDB00FF293C /* BlockquoteBorderView.swift */ = {isa = PBXFileReference; fileEncoding = 4; lastKnownFileType = sourcecode.swift; path = BlockquoteBorderView.swift; sourceTree = "<group>"; };
		21B742DF1C03BD9000FF293C /* TableViewController.swift */ = {isa = PBXFileReference; fileEncoding = 4; lastKnownFileType = sourcecode.swift; path = TableViewController.swift; sourceTree = "<group>"; };
		21B742EC1C03BDF400FF293C /* ModelsViewController.swift */ = {isa = PBXFileReference; fileEncoding = 4; lastKnownFileType = sourcecode.swift; path = ModelsViewController.swift; sourceTree = "<group>"; };
		21B8D8D81BFC0E0B001ED447 /* CheckboxView.swift */ = {isa = PBXFileReference; fileEncoding = 4; lastKnownFileType = sourcecode.swift; path = CheckboxView.swift; sourceTree = "<group>"; };
		21C0F3671C1B81B700328E36 /* CanvasTextView+Gestures.swift */ = {isa = PBXFileReference; fileEncoding = 4; lastKnownFileType = sourcecode.swift; path = "CanvasTextView+Gestures.swift"; sourceTree = "<group>"; };
		21C0F36C1C1B81F700328E36 /* CanvasTextView+Annotations.swift */ = {isa = PBXFileReference; fileEncoding = 4; lastKnownFileType = sourcecode.swift; path = "CanvasTextView+Annotations.swift"; sourceTree = "<group>"; };
		21C576941C19002A0015B8A5 /* CanvasesResultsViewController.swift */ = {isa = PBXFileReference; fileEncoding = 4; lastKnownFileType = sourcecode.swift; path = CanvasesResultsViewController.swift; sourceTree = "<group>"; };
		21D2B1971C0D0AED003652B7 /* Settings.bundle */ = {isa = PBXFileReference; lastKnownFileType = "wrapper.plug-in"; path = Settings.bundle; sourceTree = "<group>"; };
		21F10F4A1BF138750035057D /* Canvas.app */ = {isa = PBXFileReference; explicitFileType = wrapper.application; includeInIndex = 0; path = Canvas.app; sourceTree = BUILT_PRODUCTS_DIR; };
		21F10F4D1BF138750035057D /* AppDelegate.swift */ = {isa = PBXFileReference; lastKnownFileType = sourcecode.swift; path = AppDelegate.swift; sourceTree = "<group>"; };
		21F10F4F1BF138750035057D /* EditorViewController.swift */ = {isa = PBXFileReference; lastKnownFileType = sourcecode.swift; path = EditorViewController.swift; sourceTree = "<group>"; };
		21F10F601BF13D720035057D /* Assets.xcassets */ = {isa = PBXFileReference; lastKnownFileType = folder.assetcatalog; path = Assets.xcassets; sourceTree = "<group>"; };
		21F10F621BF13D720035057D /* Base */ = {isa = PBXFileReference; lastKnownFileType = file.storyboard; name = Base; path = Base.lproj/LaunchScreen.storyboard; sourceTree = "<group>"; };
		21F10F631BF13D720035057D /* Info.plist */ = {isa = PBXFileReference; fileEncoding = 4; lastKnownFileType = text.plist.xml; path = Info.plist; sourceTree = "<group>"; };
		21FB6AAF1BF53B8E003C82BB /* RootViewController.swift */ = {isa = PBXFileReference; fileEncoding = 4; lastKnownFileType = sourcecode.swift; path = RootViewController.swift; sourceTree = "<group>"; };
		21FCB57F1C07685000F78D93 /* LoginTextField.swift */ = {isa = PBXFileReference; fileEncoding = 4; lastKnownFileType = sourcecode.swift; path = LoginTextField.swift; sourceTree = "<group>"; };
		21FCB5821C0777E200F78D93 /* CGRect+Canvas.swift */ = {isa = PBXFileReference; fileEncoding = 4; lastKnownFileType = sourcecode.swift; path = "CGRect+Canvas.swift"; sourceTree = "<group>"; };
		21FCB5841C077C8100F78D93 /* UIEdgeInsets+Canvas.swift */ = {isa = PBXFileReference; fileEncoding = 4; lastKnownFileType = sourcecode.swift; path = "UIEdgeInsets+Canvas.swift"; sourceTree = "<group>"; };
		21FCB58C1C07929A00F78D93 /* NSCache+Canvas.swift */ = {isa = PBXFileReference; fileEncoding = 4; lastKnownFileType = sourcecode.swift; path = "NSCache+Canvas.swift"; sourceTree = "<group>"; };
/* End PBXFileReference section */

/* Begin PBXFrameworksBuildPhase section */
		21F10F471BF138750035057D /* Frameworks */ = {
			isa = PBXFrameworksBuildPhase;
			buildActionMask = 2147483647;
			files = (
				212404F91C233E4200BF0C91 /* CanvasKit.framework in Frameworks */,
				212404FA1C233E4200BF0C91 /* CanvasText.framework in Frameworks */,
				219334011C0FC5DD000A974B /* AlgoliaSearch.framework in Frameworks */,
				213598081C1A22FC00200825 /* Camo.framework in Frameworks */,
				219334011C0FC5DD000A974B /* AlgoliaSearch.framework in Frameworks */,
				2135980C1C1A22FC00200825 /* Crypto.framework in Frameworks */,
				2135980A1C1A22FC00200825 /* CommonCrypto.framework in Frameworks */,
				21E48B011C0447AC00C9F6AA /* ISO8601.framework in Frameworks */,
				215642151C06B46E00685847 /* Mixpanel.framework in Frameworks */,
				21E48B021C0447AC00C9F6AA /* Longhouse.framework in Frameworks */,
				21E48B031C0447AC00C9F6AA /* OnePasswordExtension.framework in Frameworks */,
				21E48B041C0447AC00C9F6AA /* SocketRocket.framework in Frameworks */,
				21E48B061C0447AC00C9F6AA /* Static.framework in Frameworks */,
			);
			runOnlyForDeploymentPostprocessing = 0;
		};
/* End PBXFrameworksBuildPhase section */

/* Begin PBXGroup section */
		212404D81C233E2500BF0C91 /* Products */ = {
			isa = PBXGroup;
			children = (
				212404DF1C233E2500BF0C91 /* CanvasText.framework */,
				212404E11C233E2500BF0C91 /* CanvasTextTests-iOS.xctest */,
				212404E31C233E2500BF0C91 /* CanvasText.framework */,
				212404E51C233E2500BF0C91 /* CanvasTextTests-OSX.xctest */,
			);
			name = Products;
			sourceTree = "<group>";
		};
		212404E71C233E2D00BF0C91 /* Products */ = {
			isa = PBXGroup;
			children = (
				212404EE1C233E2D00BF0C91 /* CanvasKit.framework */,
				212404F01C233E2D00BF0C91 /* CanvasKit-iOSTests.xctest */,
				212404F21C233E2D00BF0C91 /* CanvasKit.framework */,
				212404F41C233E2D00BF0C91 /* CanvasKit-OSXTests.xctest */,
			);
			name = Products;
			sourceTree = "<group>";
		};
		2134FADD1BFC09D300AE93CC /* Views */ = {
			isa = PBXGroup;
			children = (
				213791CD1C17A8FF000FACCC /* Text Views */,
				213791CC1C17A8F6000FACCC /* Cells */,
				213791CB1C17A8EA000FACCC /* Annotations */,
				213791CE1C17A905000FACCC /* Forms */,
				21952C8C1C1A032A006068E4 /* KeyboardSelectionView.swift */,
			);
			name = Views;
			sourceTree = "<group>";
		};
		213791CB1C17A8EA000FACCC /* Annotations */ = {
			isa = PBXGroup;
			children = (
				21B8D8D81BFC0E0B001ED447 /* CheckboxView.swift */,
				2134FADE1BFC09E300AE93CC /* BulletView.swift */,
				21B742C71BFF991600FF293C /* NumberView.swift */,
				21B742D81BFFCFDB00FF293C /* BlockquoteBorderView.swift */,
				216343F51C0D43BB00916A8B /* CodeBlockBackgroundView.swift */,
			);
			name = Annotations;
			sourceTree = "<group>";
		};
		213791CC1C17A8F6000FACCC /* Cells */ = {
			isa = PBXGroup;
			children = (
				21A8FA3C1BFD04F20097FCC6 /* CollectionCell.swift */,
				210960C41C08DE9600EB8F84 /* SelectedCollectionCell.swift */,
				21A8FA491BFD085F0097FCC6 /* CanvasCell.swift */,
				210960C61C08F01800EB8F84 /* SelectedCanvasCell.swift */,
			);
			name = Cells;
			sourceTree = "<group>";
		};
		213791CD1C17A8FF000FACCC /* Text Views */ = {
			isa = PBXGroup;
			children = (
				219DAC811C0E75DC00F39A6F /* InsertionPointTextView.swift */,
				2134FAE01BFC0A6A00AE93CC /* CanvasTextView.swift */,
				21C0F36C1C1B81F700328E36 /* CanvasTextView+Annotations.swift */,
				21C0F3671C1B81B700328E36 /* CanvasTextView+Gestures.swift */,
			);
			name = "Text Views";
			sourceTree = "<group>";
		};
		213791CE1C17A905000FACCC /* Forms */ = {
			isa = PBXGroup;
			children = (
				215642211C06BBE600685847 /* Button.swift */,
				21FCB57F1C07685000F78D93 /* LoginTextField.swift */,
			);
			name = Forms;
			sourceTree = "<group>";
		};
		215642261C06C3E900685847 /* Protocols */ = {
			isa = PBXGroup;
			children = (
				2129D30F1BF5634A0018F255 /* Accountable.swift */,
			);
			name = Protocols;
			sourceTree = "<group>";
		};
		215642271C06C3F300685847 /* Controllers */ = {
			isa = PBXGroup;
			children = (
				215642281C06C40000685847 /* ImagesController.swift */,
				219334121C0FD91D000A974B /* SearchController.swift */,
			);
			name = Controllers;
			sourceTree = "<group>";
		};
		21A8FA501BFD306E0097FCC6 /* Activities */ = {
			isa = PBXGroup;
			children = (
				21A8FA5A1BFD30790097FCC6 /* WebActivity.swift */,
				21A8FA5E1BFD33EA0097FCC6 /* SafariActivity.swift */,
				21A8FA5C1BFD33DB0097FCC6 /* ChromeActivity.swift */,
			);
			name = Activities;
			sourceTree = "<group>";
		};
		21AE3F391C0423CE00AE5DDC /* Frameworks */ = {
			isa = PBXGroup;
			children = (
				213598021C1A22FC00200825 /* Camo.framework */,
				213598031C1A22FC00200825 /* Camo.framework.dSYM */,
				213598041C1A22FC00200825 /* CommonCrypto.framework */,
				213598051C1A22FC00200825 /* CommonCrypto.framework.dSYM */,
				213598061C1A22FC00200825 /* Crypto.framework */,
				213598071C1A22FC00200825 /* Crypto.framework.dSYM */,
				219333FF1C0FC5DD000A974B /* AlgoliaSearch.framework */,
				219334001C0FC5DD000A974B /* AlgoliaSearch.framework.dSYM */,
				21AE3F3D1C0423E300AE5DDC /* ISO8601.framework */,
				21AE3F3E1C0423E300AE5DDC /* ISO8601.framework.dSYM */,
				21AE3F3F1C0423E300AE5DDC /* Longhouse.framework */,
				21AE3F401C0423E300AE5DDC /* Longhouse.framework.dSYM */,
				215642111C06B46E00685847 /* Mixpanel.framework */,
				215642121C06B46E00685847 /* Mixpanel.framework.dSYM */,
				21AE3F411C0423E300AE5DDC /* OnePasswordExtension.framework */,
				21AE3F421C0423E300AE5DDC /* OnePasswordExtension.framework.dSYM */,
				21AE3F431C0423E300AE5DDC /* SocketRocket.framework */,
				215642131C06B46E00685847 /* SocketRocket.framework.dSYM */,
				21AE3F461C0423E300AE5DDC /* Static.framework */,
				21AE3F471C0423E300AE5DDC /* Static.framework.dSYM */,
			);
			name = Frameworks;
			sourceTree = "<group>";
		};
		21D2B1961C0D0AC7003652B7 /* Styles */ = {
			isa = PBXGroup;
			children = (
				210960D51C091F7800EB8F84 /* LightTheme.swift */,
				2129D30B1BF560810018F255 /* Color.swift */,
				210960D31C091CAE00EB8F84 /* Font.swift */,
			);
			name = Styles;
			sourceTree = "<group>";
		};
		21F10F411BF138750035057D = {
			isa = PBXGroup;
			children = (
				21F10F4C1BF138750035057D /* Canvas */,
				212404D71C233E2500BF0C91 /* CanvasText.xcodeproj */,
				212404E61C233E2D00BF0C91 /* CanvasKit.xcodeproj */,
				21AE3F391C0423CE00AE5DDC /* Frameworks */,
				21F10F4B1BF138750035057D /* Products */,
			);
			sourceTree = "<group>";
		};
		21F10F4B1BF138750035057D /* Products */ = {
			isa = PBXGroup;
			children = (
				21F10F4A1BF138750035057D /* Canvas.app */,
			);
			name = Products;
			sourceTree = "<group>";
		};
		21F10F4C1BF138750035057D /* Canvas */ = {
			isa = PBXGroup;
			children = (
				21FB6AAE1BF53B35003C82BB /* Application */,
				21FB6AAD1BF53B2F003C82BB /* View Controllers */,
				2134FADD1BFC09D300AE93CC /* Views */,
				215642271C06C3F300685847 /* Controllers */,
				21D2B1961C0D0AC7003652B7 /* Styles */,
				21A8FA501BFD306E0097FCC6 /* Activities */,
				215642261C06C3E900685847 /* Protocols */,
				21FCB5811C0777DA00F78D93 /* Extensions */,
				21F10F5F1BF13D720035057D /* Resources */,
			);
			path = Canvas;
			sourceTree = "<group>";
		};
		21F10F5F1BF13D720035057D /* Resources */ = {
			isa = PBXGroup;
			children = (
				21A8FA621BFD3E0F0097FCC6 /* Canvas.entitlements */,
				21F10F601BF13D720035057D /* Assets.xcassets */,
				21F10F611BF13D720035057D /* LaunchScreen.storyboard */,
				2114833A1C0D68530072F94B /* Main.storyboard */,
				21F10F631BF13D720035057D /* Info.plist */,
				21D2B1971C0D0AED003652B7 /* Settings.bundle */,
				212405011C23562800BF0C91 /* Localizeable.strings */,
			);
			path = Resources;
			sourceTree = "<group>";
		};
		21FB6AAD1BF53B2F003C82BB /* View Controllers */ = {
			isa = PBXGroup;
			children = (
				21FB6AAF1BF53B8E003C82BB /* RootViewController.swift */,
				2129D3091BF55C340018F255 /* LoginViewController.swift */,
				2129D30D1BF561400018F255 /* OrganizationsViewController.swift */,
				2129D3111BF568AB0018F255 /* OrganizationCanvasesViewController.swift */,
				213791C41C1790E2000FACCC /* CanvasesViewController.swift */,
				21C576941C19002A0015B8A5 /* CanvasesResultsViewController.swift */,
				21F10F4F1BF138750035057D /* EditorViewController.swift */,
				21B742DF1C03BD9000FF293C /* TableViewController.swift */,
				21B742EC1C03BDF400FF293C /* ModelsViewController.swift */,
				210960C81C08F24F00EB8F84 /* AlertController.swift */,
			);
			name = "View Controllers";
			sourceTree = "<group>";
		};
		21FB6AAE1BF53B35003C82BB /* Application */ = {
			isa = PBXGroup;
			children = (
				219DAC911C0F98BD00F39A6F /* Configuration.swift */,
				2124050A1C23564100BF0C91 /* LocalizedString.swift */,
				21F10F4D1BF138750035057D /* AppDelegate.swift */,
				2156421E1C06B4ED00685847 /* Analytics.swift */,
			);
			name = Application;
			sourceTree = "<group>";
		};
		21FCB5811C0777DA00F78D93 /* Extensions */ = {
			isa = PBXGroup;
			children = (
				21FCB5821C0777E200F78D93 /* CGRect+Canvas.swift */,
				21FCB5841C077C8100F78D93 /* UIEdgeInsets+Canvas.swift */,
				21FCB58C1C07929A00F78D93 /* NSCache+Canvas.swift */,
				219DAC891C0F819700F39A6F /* NSDate+Canvas.swift */,
				219334041C0FC6DD000A974B /* Canvas+Canvas.swift */,
				2131391F1C22104000B09904 /* UIFont+Canvas.swift */,
			);
			name = Extensions;
			sourceTree = "<group>";
		};
/* End PBXGroup section */

/* Begin PBXNativeTarget section */
		21F10F491BF138750035057D /* Canvas */ = {
			isa = PBXNativeTarget;
			buildConfigurationList = 21F10F5C1BF138750035057D /* Build configuration list for PBXNativeTarget "Canvas" */;
			buildPhases = (
				21F10F461BF138750035057D /* Sources */,
				21F10F471BF138750035057D /* Frameworks */,
				21F10F481BF138750035057D /* Resources */,
				21F8F1B21BF296480096D2AF /* Embed Frameworks */,
				21AE3F481C04248D00AE5DDC /* Embed Carthage Frameworks */,
				21A8FA601BFD3D160097FCC6 /* Set Version */,
			);
			buildRules = (
			);
			dependencies = (
				212404F61C233E3C00BF0C91 /* PBXTargetDependency */,
				212404F81C233E3C00BF0C91 /* PBXTargetDependency */,
			);
			name = Canvas;
			productName = Canvas;
			productReference = 21F10F4A1BF138750035057D /* Canvas.app */;
			productType = "com.apple.product-type.application";
		};
/* End PBXNativeTarget section */

/* Begin PBXProject section */
		21F10F421BF138750035057D /* Project object */ = {
			isa = PBXProject;
			attributes = {
				LastSwiftUpdateCheck = 0720;
				LastUpgradeCheck = 0720;
				ORGANIZATIONNAME = "Canvas Labs, Inc.";
				TargetAttributes = {
					21F10F491BF138750035057D = {
						CreatedOnToolsVersion = 7.1;
						DevelopmentTeam = 676PZY29MZ;
						SystemCapabilities = {
							com.apple.ApplicationGroups.iOS = {
								enabled = 1;
							};
							com.apple.DataProtection = {
								enabled = 1;
							};
							com.apple.Keychain = {
								enabled = 1;
							};
							com.apple.SafariKeychain = {
								enabled = 1;
							};
						};
					};
				};
			};
			buildConfigurationList = 21F10F451BF138750035057D /* Build configuration list for PBXProject "Canvas" */;
			compatibilityVersion = "Xcode 3.2";
			developmentRegion = English;
			hasScannedForEncodings = 0;
			knownRegions = (
				en,
				Base,
			);
			mainGroup = 21F10F411BF138750035057D;
			productRefGroup = 21F10F4B1BF138750035057D /* Products */;
			projectDirPath = "";
			projectReferences = (
				{
					ProductGroup = 212404E71C233E2D00BF0C91 /* Products */;
					ProjectRef = 212404E61C233E2D00BF0C91 /* CanvasKit.xcodeproj */;
				},
				{
					ProductGroup = 212404D81C233E2500BF0C91 /* Products */;
					ProjectRef = 212404D71C233E2500BF0C91 /* CanvasText.xcodeproj */;
				},
			);
			projectRoot = "";
			targets = (
				21F10F491BF138750035057D /* Canvas */,
			);
		};
/* End PBXProject section */

/* Begin PBXReferenceProxy section */
		212404DF1C233E2500BF0C91 /* CanvasText.framework */ = {
			isa = PBXReferenceProxy;
			fileType = wrapper.framework;
			path = CanvasText.framework;
			remoteRef = 212404DE1C233E2500BF0C91 /* PBXContainerItemProxy */;
			sourceTree = BUILT_PRODUCTS_DIR;
		};
		212404E11C233E2500BF0C91 /* CanvasTextTests-iOS.xctest */ = {
			isa = PBXReferenceProxy;
			fileType = wrapper.cfbundle;
			path = "CanvasTextTests-iOS.xctest";
			remoteRef = 212404E01C233E2500BF0C91 /* PBXContainerItemProxy */;
			sourceTree = BUILT_PRODUCTS_DIR;
		};
		212404E31C233E2500BF0C91 /* CanvasText.framework */ = {
			isa = PBXReferenceProxy;
			fileType = wrapper.framework;
			path = CanvasText.framework;
			remoteRef = 212404E21C233E2500BF0C91 /* PBXContainerItemProxy */;
			sourceTree = BUILT_PRODUCTS_DIR;
		};
		212404E51C233E2500BF0C91 /* CanvasTextTests-OSX.xctest */ = {
			isa = PBXReferenceProxy;
			fileType = wrapper.cfbundle;
			path = "CanvasTextTests-OSX.xctest";
			remoteRef = 212404E41C233E2500BF0C91 /* PBXContainerItemProxy */;
			sourceTree = BUILT_PRODUCTS_DIR;
		};
		212404EE1C233E2D00BF0C91 /* CanvasKit.framework */ = {
			isa = PBXReferenceProxy;
			fileType = wrapper.framework;
			path = CanvasKit.framework;
			remoteRef = 212404ED1C233E2D00BF0C91 /* PBXContainerItemProxy */;
			sourceTree = BUILT_PRODUCTS_DIR;
		};
		212404F01C233E2D00BF0C91 /* CanvasKit-iOSTests.xctest */ = {
			isa = PBXReferenceProxy;
			fileType = wrapper.cfbundle;
			path = "CanvasKit-iOSTests.xctest";
			remoteRef = 212404EF1C233E2D00BF0C91 /* PBXContainerItemProxy */;
			sourceTree = BUILT_PRODUCTS_DIR;
		};
		212404F21C233E2D00BF0C91 /* CanvasKit.framework */ = {
			isa = PBXReferenceProxy;
			fileType = wrapper.framework;
			path = CanvasKit.framework;
			remoteRef = 212404F11C233E2D00BF0C91 /* PBXContainerItemProxy */;
			sourceTree = BUILT_PRODUCTS_DIR;
		};
		212404F41C233E2D00BF0C91 /* CanvasKit-OSXTests.xctest */ = {
			isa = PBXReferenceProxy;
			fileType = wrapper.cfbundle;
			path = "CanvasKit-OSXTests.xctest";
			remoteRef = 212404F31C233E2D00BF0C91 /* PBXContainerItemProxy */;
			sourceTree = BUILT_PRODUCTS_DIR;
		};
/* End PBXReferenceProxy section */

/* Begin PBXResourcesBuildPhase section */
		21F10F481BF138750035057D /* Resources */ = {
			isa = PBXResourcesBuildPhase;
			buildActionMask = 2147483647;
			files = (
				21F10F651BF13D720035057D /* Assets.xcassets in Resources */,
				212405031C23562800BF0C91 /* Localizeable.strings in Resources */,
				21D2B1981C0D0AED003652B7 /* Settings.bundle in Resources */,
				21F10F661BF13D720035057D /* LaunchScreen.storyboard in Resources */,
				2114833C1C0D68530072F94B /* Main.storyboard in Resources */,
			);
			runOnlyForDeploymentPostprocessing = 0;
		};
/* End PBXResourcesBuildPhase section */

/* Begin PBXShellScriptBuildPhase section */
		21A8FA601BFD3D160097FCC6 /* Set Version */ = {
			isa = PBXShellScriptBuildPhase;
			buildActionMask = 2147483647;
			files = (
			);
			inputPaths = (
			);
			name = "Set Version";
			outputPaths = (
			);
			runOnlyForDeploymentPostprocessing = 0;
			shellPath = "/usr/bin/env ruby";
			shellScript = "git = `sh /etc/profile; which git`.chomp\napp_build = `#{git} rev-list --all | wc -l`.chomp.to_i\n`/usr/libexec/PlistBuddy -c \"Set :CFBundleVersion #{app_build}\" \"${TARGET_BUILD_DIR}/${INFOPLIST_PATH}\"`\nputs \"Updated #{ENV['TARGET_BUILD_DIR']}/#{ENV['INFOPLIST_PATH']}\"";
		};
		21AE3F481C04248D00AE5DDC /* Embed Carthage Frameworks */ = {
			isa = PBXShellScriptBuildPhase;
			buildActionMask = 2147483647;
			files = (
			);
			inputPaths = (
				"$(SRCROOT)/Carthage/Build/iOS/ISO8601.framework",
				"$(SRCROOT)/Carthage/Build/iOS/Longhouse.framework",
				"$(SRCROOT)/Carthage/Build/iOS/OnePasswordExtension.framework",
				"$(SRCROOT)/Carthage/Build/iOS/SocketRocket.framework",
				"$(SRCROOT)/Vendor/CanvasKit/Carthage/Build/iOS/SSKeychain.framework",
				"$(SRCROOT)/Carthage/Build/iOS/Static.framework",
				"$(SRCROOT)/Carthage/Build/iOS/Mixpanel.framework",
				"$(SRCROOT)/Carthage/Build/iOS/AlgoliaSearch.framework",
				"$(SRCROOT)/Carthage/Build/iOS/Camo.framework",
				"$(SRCROOT)/Carthage/Build/iOS/Crypto.framework",
				"$(SRCROOT)/Carthage/Build/iOS/CommonCrypto.framework",
			);
			name = "Embed Carthage Frameworks";
			outputPaths = (
			);
			runOnlyForDeploymentPostprocessing = 0;
			shellPath = /bin/sh;
			shellScript = "/usr/local/bin/carthage copy-frameworks";
		};
/* End PBXShellScriptBuildPhase section */

/* Begin PBXSourcesBuildPhase section */
		21F10F461BF138750035057D /* Sources */ = {
			isa = PBXSourcesBuildPhase;
			buildActionMask = 2147483647;
			files = (
				2129D30E1BF561400018F255 /* OrganizationsViewController.swift in Sources */,
				21B742E01C03BD9000FF293C /* TableViewController.swift in Sources */,
				213139201C22104000B09904 /* UIFont+Canvas.swift in Sources */,
				21B742C81BFF991600FF293C /* NumberView.swift in Sources */,
				21C576951C19002A0015B8A5 /* CanvasesResultsViewController.swift in Sources */,
				21FB6AB01BF53B8E003C82BB /* RootViewController.swift in Sources */,
				21F10F501BF138750035057D /* EditorViewController.swift in Sources */,
				2129D30C1BF560810018F255 /* Color.swift in Sources */,
				2124050B1C23564100BF0C91 /* LocalizedString.swift in Sources */,
				21A8FA5F1BFD33EA0097FCC6 /* SafariActivity.swift in Sources */,
				2134FADF1BFC09E300AE93CC /* BulletView.swift in Sources */,
				21C0F36D1C1B81F700328E36 /* CanvasTextView+Annotations.swift in Sources */,
				21FCB5851C077C8100F78D93 /* UIEdgeInsets+Canvas.swift in Sources */,
				21FCB5801C07685000F78D93 /* LoginTextField.swift in Sources */,
				2156421F1C06B4ED00685847 /* Analytics.swift in Sources */,
				21FCB5831C0777E200F78D93 /* CGRect+Canvas.swift in Sources */,
				210960C51C08DE9600EB8F84 /* SelectedCollectionCell.swift in Sources */,
				2129D3101BF5634A0018F255 /* Accountable.swift in Sources */,
				2129D30A1BF55C340018F255 /* LoginViewController.swift in Sources */,
				21A8FA5B1BFD30790097FCC6 /* WebActivity.swift in Sources */,
				210960C91C08F25000EB8F84 /* AlertController.swift in Sources */,
				21B8D8D91BFC0E0B001ED447 /* CheckboxView.swift in Sources */,
				216343F61C0D43BB00916A8B /* CodeBlockBackgroundView.swift in Sources */,
				215642291C06C40000685847 /* ImagesController.swift in Sources */,
				21A8FA4A1BFD085F0097FCC6 /* CanvasCell.swift in Sources */,
				219334131C0FD91D000A974B /* SearchController.swift in Sources */,
				21F10F4E1BF138750035057D /* AppDelegate.swift in Sources */,
				213791C51C1790E2000FACCC /* CanvasesViewController.swift in Sources */,
				21C0F3681C1B81B700328E36 /* CanvasTextView+Gestures.swift in Sources */,
				2134FAE11BFC0A6A00AE93CC /* CanvasTextView.swift in Sources */,
				219DAC8A1C0F819700F39A6F /* NSDate+Canvas.swift in Sources */,
				210960D61C091F7800EB8F84 /* LightTheme.swift in Sources */,
				219DAC821C0E75DC00F39A6F /* InsertionPointTextView.swift in Sources */,
				21B742ED1C03BDF400FF293C /* ModelsViewController.swift in Sources */,
				21A8FA3D1BFD04F20097FCC6 /* CollectionCell.swift in Sources */,
				210960D41C091CAE00EB8F84 /* Font.swift in Sources */,
				2129D3121BF568AB0018F255 /* OrganizationCanvasesViewController.swift in Sources */,
				219DAC921C0F98BD00F39A6F /* Configuration.swift in Sources */,
				21A8FA5D1BFD33DB0097FCC6 /* ChromeActivity.swift in Sources */,
				21FCB58D1C07929A00F78D93 /* NSCache+Canvas.swift in Sources */,
				210960C71C08F01800EB8F84 /* SelectedCanvasCell.swift in Sources */,
				21B742D91BFFCFDB00FF293C /* BlockquoteBorderView.swift in Sources */,
				219334051C0FC6DD000A974B /* Canvas+Canvas.swift in Sources */,
				21952C8D1C1A032A006068E4 /* KeyboardSelectionView.swift in Sources */,
				215642221C06BBE600685847 /* Button.swift in Sources */,
			);
			runOnlyForDeploymentPostprocessing = 0;
		};
/* End PBXSourcesBuildPhase section */

/* Begin PBXTargetDependency section */
		212404F61C233E3C00BF0C91 /* PBXTargetDependency */ = {
			isa = PBXTargetDependency;
			name = "CanvasText-iOS";
			targetProxy = 212404F51C233E3C00BF0C91 /* PBXContainerItemProxy */;
		};
		212404F81C233E3C00BF0C91 /* PBXTargetDependency */ = {
			isa = PBXTargetDependency;
			name = "CanvasKit-iOS";
			targetProxy = 212404F71C233E3C00BF0C91 /* PBXContainerItemProxy */;
		};
/* End PBXTargetDependency section */

/* Begin PBXVariantGroup section */
		2114833A1C0D68530072F94B /* Main.storyboard */ = {
			isa = PBXVariantGroup;
			children = (
				2114833B1C0D68530072F94B /* Base */,
			);
			name = Main.storyboard;
			sourceTree = "<group>";
		};
		212405011C23562800BF0C91 /* Localizeable.strings */ = {
			isa = PBXVariantGroup;
			children = (
				212405021C23562800BF0C91 /* en */,
			);
			name = Localizeable.strings;
			sourceTree = "<group>";
		};
		21F10F611BF13D720035057D /* LaunchScreen.storyboard */ = {
			isa = PBXVariantGroup;
			children = (
				21F10F621BF13D720035057D /* Base */,
			);
			name = LaunchScreen.storyboard;
			sourceTree = "<group>";
		};
/* End PBXVariantGroup section */

/* Begin XCBuildConfiguration section */
		21F10F5A1BF138750035057D /* Debug */ = {
			isa = XCBuildConfiguration;
			buildSettings = {
				ALWAYS_SEARCH_USER_PATHS = NO;
				CLANG_CXX_LANGUAGE_STANDARD = "gnu++0x";
				CLANG_CXX_LIBRARY = "libc++";
				CLANG_ENABLE_MODULES = YES;
				CLANG_ENABLE_OBJC_ARC = YES;
				CLANG_WARN_BOOL_CONVERSION = YES;
				CLANG_WARN_CONSTANT_CONVERSION = YES;
				CLANG_WARN_DIRECT_OBJC_ISA_USAGE = YES_ERROR;
				CLANG_WARN_EMPTY_BODY = YES;
				CLANG_WARN_ENUM_CONVERSION = YES;
				CLANG_WARN_INT_CONVERSION = YES;
				CLANG_WARN_OBJC_ROOT_CLASS = YES_ERROR;
				CLANG_WARN_UNREACHABLE_CODE = YES;
				CLANG_WARN__DUPLICATE_METHOD_MATCH = YES;
				"CODE_SIGN_IDENTITY[sdk=iphoneos*]" = "iPhone Developer";
				COPY_PHASE_STRIP = NO;
				DEBUG_INFORMATION_FORMAT = dwarf;
				ENABLE_STRICT_OBJC_MSGSEND = YES;
				ENABLE_TESTABILITY = YES;
				GCC_C_LANGUAGE_STANDARD = gnu99;
				GCC_DYNAMIC_NO_PIC = NO;
				GCC_NO_COMMON_BLOCKS = YES;
				GCC_OPTIMIZATION_LEVEL = 0;
				GCC_PREPROCESSOR_DEFINITIONS = (
					"DEBUG=1",
					"$(inherited)",
				);
				GCC_WARN_64_TO_32_BIT_CONVERSION = YES;
				GCC_WARN_ABOUT_RETURN_TYPE = YES_ERROR;
				GCC_WARN_UNDECLARED_SELECTOR = YES;
				GCC_WARN_UNINITIALIZED_AUTOS = YES_AGGRESSIVE;
				GCC_WARN_UNUSED_FUNCTION = YES;
				GCC_WARN_UNUSED_VARIABLE = YES;
				IPHONEOS_DEPLOYMENT_TARGET = 9.0;
				MTL_ENABLE_DEBUG_INFO = YES;
				ONLY_ACTIVE_ARCH = YES;
				OTHER_SWIFT_FLAGS = "-DDEBUG";
				SDKROOT = iphoneos;
				SWIFT_OPTIMIZATION_LEVEL = "-Onone";
				TARGETED_DEVICE_FAMILY = "1,2";
			};
			name = Debug;
		};
		21F10F5B1BF138750035057D /* Release */ = {
			isa = XCBuildConfiguration;
			buildSettings = {
				ALWAYS_SEARCH_USER_PATHS = NO;
				CLANG_CXX_LANGUAGE_STANDARD = "gnu++0x";
				CLANG_CXX_LIBRARY = "libc++";
				CLANG_ENABLE_MODULES = YES;
				CLANG_ENABLE_OBJC_ARC = YES;
				CLANG_WARN_BOOL_CONVERSION = YES;
				CLANG_WARN_CONSTANT_CONVERSION = YES;
				CLANG_WARN_DIRECT_OBJC_ISA_USAGE = YES_ERROR;
				CLANG_WARN_EMPTY_BODY = YES;
				CLANG_WARN_ENUM_CONVERSION = YES;
				CLANG_WARN_INT_CONVERSION = YES;
				CLANG_WARN_OBJC_ROOT_CLASS = YES_ERROR;
				CLANG_WARN_UNREACHABLE_CODE = YES;
				CLANG_WARN__DUPLICATE_METHOD_MATCH = YES;
				"CODE_SIGN_IDENTITY[sdk=iphoneos*]" = "iPhone Developer";
				COPY_PHASE_STRIP = NO;
				DEBUG_INFORMATION_FORMAT = "dwarf-with-dsym";
				ENABLE_NS_ASSERTIONS = NO;
				ENABLE_STRICT_OBJC_MSGSEND = YES;
				GCC_C_LANGUAGE_STANDARD = gnu99;
				GCC_NO_COMMON_BLOCKS = YES;
				GCC_WARN_64_TO_32_BIT_CONVERSION = YES;
				GCC_WARN_ABOUT_RETURN_TYPE = YES_ERROR;
				GCC_WARN_UNDECLARED_SELECTOR = YES;
				GCC_WARN_UNINITIALIZED_AUTOS = YES_AGGRESSIVE;
				GCC_WARN_UNUSED_FUNCTION = YES;
				GCC_WARN_UNUSED_VARIABLE = YES;
				IPHONEOS_DEPLOYMENT_TARGET = 9.0;
				MTL_ENABLE_DEBUG_INFO = NO;
				SDKROOT = iphoneos;
				TARGETED_DEVICE_FAMILY = "1,2";
				VALIDATE_PRODUCT = YES;
			};
			name = Release;
		};
		21F10F5D1BF138750035057D /* Debug */ = {
			isa = XCBuildConfiguration;
			buildSettings = {
				ASSETCATALOG_COMPILER_APPICON_NAME = AppIcon;
				CODE_SIGN_ENTITLEMENTS = Canvas/Resources/Canvas.entitlements;
				CODE_SIGN_IDENTITY = "iPhone Developer";
				"CODE_SIGN_IDENTITY[sdk=iphoneos*]" = "iPhone Developer";
				EMBEDDED_CONTENT_CONTAINS_SWIFT = YES;
				ENABLE_BITCODE = NO;
				FRAMEWORK_SEARCH_PATHS = (
					"$(inherited)",
					"$(PROJECT_DIR)/Carthage/Build/iOS",
				);
				INFOPLIST_FILE = "$(SRCROOT)/Canvas/Resources/Info.plist";
				LD_RUNPATH_SEARCH_PATHS = "$(inherited) @executable_path/Frameworks";
				PRODUCT_BUNDLE_IDENTIFIER = com.usecanvas.canvas;
				PRODUCT_NAME = "$(TARGET_NAME)";
				PROVISIONING_PROFILE = "";
			};
			name = Debug;
		};
		21F10F5E1BF138750035057D /* Release */ = {
			isa = XCBuildConfiguration;
			buildSettings = {
				ASSETCATALOG_COMPILER_APPICON_NAME = AppIcon;
				CODE_SIGN_ENTITLEMENTS = Canvas/Resources/Canvas.entitlements;
				CODE_SIGN_IDENTITY = "iPhone Developer";
				"CODE_SIGN_IDENTITY[sdk=iphoneos*]" = "iPhone Developer";
				EMBEDDED_CONTENT_CONTAINS_SWIFT = YES;
				ENABLE_BITCODE = NO;
				FRAMEWORK_SEARCH_PATHS = (
					"$(inherited)",
					"$(PROJECT_DIR)/Carthage/Build/iOS",
				);
				INFOPLIST_FILE = "$(SRCROOT)/Canvas/Resources/Info.plist";
				LD_RUNPATH_SEARCH_PATHS = "$(inherited) @executable_path/Frameworks";
				PRODUCT_BUNDLE_IDENTIFIER = com.usecanvas.canvas;
				PRODUCT_NAME = "$(TARGET_NAME)";
				PROVISIONING_PROFILE = "";
			};
			name = Release;
		};
/* End XCBuildConfiguration section */

/* Begin XCConfigurationList section */
		21F10F451BF138750035057D /* Build configuration list for PBXProject "Canvas" */ = {
			isa = XCConfigurationList;
			buildConfigurations = (
				21F10F5A1BF138750035057D /* Debug */,
				21F10F5B1BF138750035057D /* Release */,
			);
			defaultConfigurationIsVisible = 0;
			defaultConfigurationName = Release;
		};
		21F10F5C1BF138750035057D /* Build configuration list for PBXNativeTarget "Canvas" */ = {
			isa = XCConfigurationList;
			buildConfigurations = (
				21F10F5D1BF138750035057D /* Debug */,
				21F10F5E1BF138750035057D /* Release */,
			);
			defaultConfigurationIsVisible = 0;
			defaultConfigurationName = Release;
		};
/* End XCConfigurationList section */
	};
	rootObject = 21F10F421BF138750035057D /* Project object */;
}
