// !$*UTF8*$!
{
	archiveVersion = 1;
	classes = {
	};
	objectVersion = 46;
	objects = {

/* Begin PBXBuildFile section */
		2129D30A1BF55C340018F255 /* SignInViewController.swift in Sources */ = {isa = PBXBuildFile; fileRef = 2129D3091BF55C340018F255 /* SignInViewController.swift */; };
		2129D30C1BF560810018F255 /* Color.swift in Sources */ = {isa = PBXBuildFile; fileRef = 2129D30B1BF560810018F255 /* Color.swift */; };
		2129D30E1BF561400018F255 /* CollectionsViewController.swift in Sources */ = {isa = PBXBuildFile; fileRef = 2129D30D1BF561400018F255 /* CollectionsViewController.swift */; };
		2129D3101BF5634A0018F255 /* Accountable.swift in Sources */ = {isa = PBXBuildFile; fileRef = 2129D30F1BF5634A0018F255 /* Accountable.swift */; };
		2129D3121BF568AB0018F255 /* CanvasesViewController.swift in Sources */ = {isa = PBXBuildFile; fileRef = 2129D3111BF568AB0018F255 /* CanvasesViewController.swift */; };
		2134FADF1BFC09E300AE93CC /* BulletView.swift in Sources */ = {isa = PBXBuildFile; fileRef = 2134FADE1BFC09E300AE93CC /* BulletView.swift */; };
		2134FAE11BFC0A6A00AE93CC /* TextView.swift in Sources */ = {isa = PBXBuildFile; fileRef = 2134FAE01BFC0A6A00AE93CC /* TextView.swift */; };
		21A8F9E41BFCF2F70097FCC6 /* Static.framework in Frameworks */ = {isa = PBXBuildFile; fileRef = 21CBBD7D1BFCF28500D02192 /* Static.framework */; };
		21A8F9E51BFCF2FE0097FCC6 /* Static.framework in Embed Frameworks */ = {isa = PBXBuildFile; fileRef = 21CBBD7D1BFCF28500D02192 /* Static.framework */; settings = {ATTRIBUTES = (CodeSignOnCopy, RemoveHeadersOnCopy, ); }; };
		21A8FA351BFCF5BC0097FCC6 /* CanvasText.framework in Frameworks */ = {isa = PBXBuildFile; fileRef = 21A8FA301BFCF59D0097FCC6 /* CanvasText.framework */; };
		21A8FA361BFCF5C40097FCC6 /* CanvasText.framework in Embed Frameworks */ = {isa = PBXBuildFile; fileRef = 21A8FA301BFCF59D0097FCC6 /* CanvasText.framework */; settings = {ATTRIBUTES = (CodeSignOnCopy, RemoveHeadersOnCopy, ); }; };
		21B8D8D91BFC0E0B001ED447 /* CheckboxView.swift in Sources */ = {isa = PBXBuildFile; fileRef = 21B8D8D81BFC0E0B001ED447 /* CheckboxView.swift */; };
		21EECB681BFCF1CB003DF5AC /* CanvasKit.framework in Frameworks */ = {isa = PBXBuildFile; fileRef = 21EECB461BFCF1A0003DF5AC /* CanvasKit.framework */; };
		21EECB691BFCF1CB003DF5AC /* OnePasswordExtension.framework in Frameworks */ = {isa = PBXBuildFile; fileRef = 21EECB521BFCF1A7003DF5AC /* OnePasswordExtension.framework */; };
		21EECB6A1BFCF1CB003DF5AC /* SSKeychain.framework in Frameworks */ = {isa = PBXBuildFile; fileRef = 21EECB5B1BFCF1B0003DF5AC /* SSKeychain.framework */; };
		21EECB6B1BFCF1E0003DF5AC /* CanvasKit.framework in Embed Frameworks */ = {isa = PBXBuildFile; fileRef = 21EECB461BFCF1A0003DF5AC /* CanvasKit.framework */; settings = {ATTRIBUTES = (CodeSignOnCopy, RemoveHeadersOnCopy, ); }; };
		21EECB6D1BFCF1E0003DF5AC /* OnePasswordExtension.framework in Embed Frameworks */ = {isa = PBXBuildFile; fileRef = 21EECB521BFCF1A7003DF5AC /* OnePasswordExtension.framework */; settings = {ATTRIBUTES = (CodeSignOnCopy, RemoveHeadersOnCopy, ); }; };
		21EECB6E1BFCF1E0003DF5AC /* SSKeychain.framework in Embed Frameworks */ = {isa = PBXBuildFile; fileRef = 21EECB5B1BFCF1B0003DF5AC /* SSKeychain.framework */; settings = {ATTRIBUTES = (CodeSignOnCopy, RemoveHeadersOnCopy, ); }; };
		21F10F4E1BF138750035057D /* AppDelegate.swift in Sources */ = {isa = PBXBuildFile; fileRef = 21F10F4D1BF138750035057D /* AppDelegate.swift */; };
		21F10F501BF138750035057D /* EditorViewController.swift in Sources */ = {isa = PBXBuildFile; fileRef = 21F10F4F1BF138750035057D /* EditorViewController.swift */; };
		21F10F651BF13D720035057D /* Assets.xcassets in Resources */ = {isa = PBXBuildFile; fileRef = 21F10F601BF13D720035057D /* Assets.xcassets */; };
		21F10F661BF13D720035057D /* LaunchScreen.storyboard in Resources */ = {isa = PBXBuildFile; fileRef = 21F10F611BF13D720035057D /* LaunchScreen.storyboard */; };
		21F8F1D61BF3BC650096D2AF /* Theme.swift in Sources */ = {isa = PBXBuildFile; fileRef = 21F8F1D51BF3BC650096D2AF /* Theme.swift */; };
		21F8F1D81BF3BDAE0096D2AF /* UIColor+X.swift in Sources */ = {isa = PBXBuildFile; fileRef = 21F8F1D71BF3BDAE0096D2AF /* UIColor+X.swift */; };
		21FB6AB01BF53B8E003C82BB /* RootViewController.swift in Sources */ = {isa = PBXBuildFile; fileRef = 21FB6AAF1BF53B8E003C82BB /* RootViewController.swift */; };
/* End PBXBuildFile section */

/* Begin PBXContainerItemProxy section */
		21A8F9D91BFCF2F30097FCC6 /* PBXContainerItemProxy */ = {
			isa = PBXContainerItemProxy;
			containerPortal = 21CBBD761BFCF28400D02192 /* Static.xcodeproj */;
			proxyType = 1;
			remoteGlobalIDString = 21826AA91B3F51A100AA9641;
			remoteInfo = "Static-iOS";
		};
		21A8FA2F1BFCF59D0097FCC6 /* PBXContainerItemProxy */ = {
			isa = PBXContainerItemProxy;
			containerPortal = 21A8FA2A1BFCF59D0097FCC6 /* CanvasText.xcodeproj */;
			proxyType = 2;
			remoteGlobalIDString = 21A8F9F01BFCF4BD0097FCC6;
			remoteInfo = CanvasText;
		};
		21A8FA311BFCF59D0097FCC6 /* PBXContainerItemProxy */ = {
			isa = PBXContainerItemProxy;
			containerPortal = 21A8FA2A1BFCF59D0097FCC6 /* CanvasText.xcodeproj */;
			proxyType = 2;
			remoteGlobalIDString = 21A8F9FA1BFCF4BD0097FCC6;
			remoteInfo = CanvasTextTests;
		};
		21A8FA331BFCF5B80097FCC6 /* PBXContainerItemProxy */ = {
			isa = PBXContainerItemProxy;
			containerPortal = 21A8FA2A1BFCF59D0097FCC6 /* CanvasText.xcodeproj */;
			proxyType = 1;
			remoteGlobalIDString = 21A8F9EF1BFCF4BD0097FCC6;
			remoteInfo = CanvasText;
		};
		21CBBD7C1BFCF28500D02192 /* PBXContainerItemProxy */ = {
			isa = PBXContainerItemProxy;
			containerPortal = 21CBBD761BFCF28400D02192 /* Static.xcodeproj */;
			proxyType = 2;
			remoteGlobalIDString = 21826AAA1B3F51A100AA9641;
			remoteInfo = "Static-iOS";
		};
		21CBBD7E1BFCF28500D02192 /* PBXContainerItemProxy */ = {
			isa = PBXContainerItemProxy;
			containerPortal = 21CBBD761BFCF28400D02192 /* Static.xcodeproj */;
			proxyType = 2;
			remoteGlobalIDString = 21826AB41B3F51A100AA9641;
			remoteInfo = StaticTests;
		};
		21CBBD801BFCF28500D02192 /* PBXContainerItemProxy */ = {
			isa = PBXContainerItemProxy;
			containerPortal = 21CBBD761BFCF28400D02192 /* Static.xcodeproj */;
			proxyType = 2;
			remoteGlobalIDString = 36748D4F1B5034EC0046F207;
			remoteInfo = Example;
		};
		21EECB451BFCF1A0003DF5AC /* PBXContainerItemProxy */ = {
			isa = PBXContainerItemProxy;
			containerPortal = 21EECB3E1BFCF1A0003DF5AC /* CanvasKit.xcodeproj */;
			proxyType = 2;
			remoteGlobalIDString = 21FB6ABB1BF53C9D003C82BB;
			remoteInfo = "CanvasKit-iOS";
		};
		21EECB471BFCF1A0003DF5AC /* PBXContainerItemProxy */ = {
			isa = PBXContainerItemProxy;
			containerPortal = 21EECB3E1BFCF1A0003DF5AC /* CanvasKit.xcodeproj */;
			proxyType = 2;
			remoteGlobalIDString = 21FB6AC51BF53C9D003C82BB;
			remoteInfo = "CanvasKit-iOSTests";
		};
		21EECB491BFCF1A0003DF5AC /* PBXContainerItemProxy */ = {
			isa = PBXContainerItemProxy;
			containerPortal = 21EECB3E1BFCF1A0003DF5AC /* CanvasKit.xcodeproj */;
			proxyType = 2;
			remoteGlobalIDString = 216C4B971BF54AB100260B8E;
			remoteInfo = "CanvasKit-OSX";
		};
		21EECB4B1BFCF1A0003DF5AC /* PBXContainerItemProxy */ = {
			isa = PBXContainerItemProxy;
			containerPortal = 21EECB3E1BFCF1A0003DF5AC /* CanvasKit.xcodeproj */;
			proxyType = 2;
			remoteGlobalIDString = 216C4BA01BF54AB100260B8E;
			remoteInfo = "CanvasKit-OSXTests";
		};
		21EECB511BFCF1A7003DF5AC /* PBXContainerItemProxy */ = {
			isa = PBXContainerItemProxy;
			containerPortal = 21EECB4D1BFCF1A7003DF5AC /* OnePasswordExtension.xcodeproj */;
			proxyType = 2;
			remoteGlobalIDString = 9C3F4D8C1A59ACDC004B3ECE;
			remoteInfo = OnePasswordExtension;
		};
		21EECB5A1BFCF1B0003DF5AC /* PBXContainerItemProxy */ = {
			isa = PBXContainerItemProxy;
			containerPortal = 21EECB531BFCF1B0003DF5AC /* SSKeychain.xcodeproj */;
			proxyType = 2;
			remoteGlobalIDString = E8A666341A844CC400287CA3;
			remoteInfo = "SSKeychain iOS";
		};
		21EECB5C1BFCF1B0003DF5AC /* PBXContainerItemProxy */ = {
			isa = PBXContainerItemProxy;
			containerPortal = 21EECB531BFCF1B0003DF5AC /* SSKeychain.xcodeproj */;
			proxyType = 2;
			remoteGlobalIDString = E8A666551A844D3A00287CA3;
			remoteInfo = "SSKeychain iOS Tests";
		};
		21EECB5E1BFCF1B0003DF5AC /* PBXContainerItemProxy */ = {
			isa = PBXContainerItemProxy;
			containerPortal = 21EECB531BFCF1B0003DF5AC /* SSKeychain.xcodeproj */;
			proxyType = 2;
			remoteGlobalIDString = E8A6666F1A844E4100287CA3;
			remoteInfo = "SSKeychain Mac";
		};
		21EECB601BFCF1B0003DF5AC /* PBXContainerItemProxy */ = {
			isa = PBXContainerItemProxy;
			containerPortal = 21EECB531BFCF1B0003DF5AC /* SSKeychain.xcodeproj */;
			proxyType = 2;
			remoteGlobalIDString = E8A666791A844E4100287CA3;
			remoteInfo = "SSKeychain Mac Tests";
		};
		21EECB621BFCF1C3003DF5AC /* PBXContainerItemProxy */ = {
			isa = PBXContainerItemProxy;
			containerPortal = 21EECB3E1BFCF1A0003DF5AC /* CanvasKit.xcodeproj */;
			proxyType = 1;
			remoteGlobalIDString = 21FB6ABA1BF53C9D003C82BB;
			remoteInfo = "CanvasKit-iOS";
		};
		21EECB641BFCF1C3003DF5AC /* PBXContainerItemProxy */ = {
			isa = PBXContainerItemProxy;
			containerPortal = 21EECB4D1BFCF1A7003DF5AC /* OnePasswordExtension.xcodeproj */;
			proxyType = 1;
			remoteGlobalIDString = 9C3F4D8B1A59ACDC004B3ECE;
			remoteInfo = OnePasswordExtension;
		};
		21EECB661BFCF1C3003DF5AC /* PBXContainerItemProxy */ = {
			isa = PBXContainerItemProxy;
			containerPortal = 21EECB531BFCF1B0003DF5AC /* SSKeychain.xcodeproj */;
			proxyType = 1;
			remoteGlobalIDString = E8A666331A844CC400287CA3;
			remoteInfo = "SSKeychain iOS";
		};
/* End PBXContainerItemProxy section */

/* Begin PBXCopyFilesBuildPhase section */
		21F8F1B21BF296480096D2AF /* Embed Frameworks */ = {
			isa = PBXCopyFilesBuildPhase;
			buildActionMask = 2147483647;
			dstPath = "";
			dstSubfolderSpec = 10;
			files = (
				21A8FA361BFCF5C40097FCC6 /* CanvasText.framework in Embed Frameworks */,
				21A8F9E51BFCF2FE0097FCC6 /* Static.framework in Embed Frameworks */,
				21EECB6B1BFCF1E0003DF5AC /* CanvasKit.framework in Embed Frameworks */,
				21EECB6D1BFCF1E0003DF5AC /* OnePasswordExtension.framework in Embed Frameworks */,
				21EECB6E1BFCF1E0003DF5AC /* SSKeychain.framework in Embed Frameworks */,
			);
			name = "Embed Frameworks";
			runOnlyForDeploymentPostprocessing = 0;
		};
/* End PBXCopyFilesBuildPhase section */

/* Begin PBXFileReference section */
		2129D3091BF55C340018F255 /* SignInViewController.swift */ = {isa = PBXFileReference; fileEncoding = 4; lastKnownFileType = sourcecode.swift; path = SignInViewController.swift; sourceTree = "<group>"; };
		2129D30B1BF560810018F255 /* Color.swift */ = {isa = PBXFileReference; fileEncoding = 4; lastKnownFileType = sourcecode.swift; path = Color.swift; sourceTree = "<group>"; };
		2129D30D1BF561400018F255 /* CollectionsViewController.swift */ = {isa = PBXFileReference; fileEncoding = 4; lastKnownFileType = sourcecode.swift; path = CollectionsViewController.swift; sourceTree = "<group>"; };
		2129D30F1BF5634A0018F255 /* Accountable.swift */ = {isa = PBXFileReference; fileEncoding = 4; lastKnownFileType = sourcecode.swift; path = Accountable.swift; sourceTree = "<group>"; };
		2129D3111BF568AB0018F255 /* CanvasesViewController.swift */ = {isa = PBXFileReference; fileEncoding = 4; lastKnownFileType = sourcecode.swift; path = CanvasesViewController.swift; sourceTree = "<group>"; };
		2134FADE1BFC09E300AE93CC /* BulletView.swift */ = {isa = PBXFileReference; fileEncoding = 4; lastKnownFileType = sourcecode.swift; path = BulletView.swift; sourceTree = "<group>"; };
		2134FAE01BFC0A6A00AE93CC /* TextView.swift */ = {isa = PBXFileReference; fileEncoding = 4; lastKnownFileType = sourcecode.swift; path = TextView.swift; sourceTree = "<group>"; };
		21A8FA2A1BFCF59D0097FCC6 /* CanvasText.xcodeproj */ = {isa = PBXFileReference; lastKnownFileType = "wrapper.pb-project"; name = CanvasText.xcodeproj; path = CanvasText/CanvasText.xcodeproj; sourceTree = "<group>"; };
		21B8D8D81BFC0E0B001ED447 /* CheckboxView.swift */ = {isa = PBXFileReference; fileEncoding = 4; lastKnownFileType = sourcecode.swift; path = CheckboxView.swift; sourceTree = "<group>"; };
		21CBBD761BFCF28400D02192 /* Static.xcodeproj */ = {isa = PBXFileReference; lastKnownFileType = "wrapper.pb-project"; name = Static.xcodeproj; path = Carthage/Checkouts/Static/Static.xcodeproj; sourceTree = "<group>"; };
		21EECB3E1BFCF1A0003DF5AC /* CanvasKit.xcodeproj */ = {isa = PBXFileReference; lastKnownFileType = "wrapper.pb-project"; name = CanvasKit.xcodeproj; path = Carthage/Checkouts/CanvasKit/CanvasKit.xcodeproj; sourceTree = "<group>"; };
		21EECB4D1BFCF1A7003DF5AC /* OnePasswordExtension.xcodeproj */ = {isa = PBXFileReference; lastKnownFileType = "wrapper.pb-project"; name = OnePasswordExtension.xcodeproj; path = "Carthage/Checkouts/onepassword-app-extension/OnePasswordExtension.xcodeproj"; sourceTree = "<group>"; };
		21EECB531BFCF1B0003DF5AC /* SSKeychain.xcodeproj */ = {isa = PBXFileReference; lastKnownFileType = "wrapper.pb-project"; name = SSKeychain.xcodeproj; path = Carthage/Checkouts/sskeychain/SSKeychain.xcodeproj; sourceTree = "<group>"; };
		21F10F4A1BF138750035057D /* Canvas.app */ = {isa = PBXFileReference; explicitFileType = wrapper.application; includeInIndex = 0; path = Canvas.app; sourceTree = BUILT_PRODUCTS_DIR; };
		21F10F4D1BF138750035057D /* AppDelegate.swift */ = {isa = PBXFileReference; lastKnownFileType = sourcecode.swift; path = AppDelegate.swift; sourceTree = "<group>"; };
		21F10F4F1BF138750035057D /* EditorViewController.swift */ = {isa = PBXFileReference; lastKnownFileType = sourcecode.swift; path = EditorViewController.swift; sourceTree = "<group>"; };
		21F10F601BF13D720035057D /* Assets.xcassets */ = {isa = PBXFileReference; lastKnownFileType = folder.assetcatalog; path = Assets.xcassets; sourceTree = "<group>"; };
		21F10F621BF13D720035057D /* Base */ = {isa = PBXFileReference; lastKnownFileType = file.storyboard; name = Base; path = Base.lproj/LaunchScreen.storyboard; sourceTree = "<group>"; };
		21F10F631BF13D720035057D /* Info.plist */ = {isa = PBXFileReference; fileEncoding = 4; lastKnownFileType = text.plist.xml; path = Info.plist; sourceTree = "<group>"; };
		21F8F1D51BF3BC650096D2AF /* Theme.swift */ = {isa = PBXFileReference; fileEncoding = 4; lastKnownFileType = sourcecode.swift; path = Theme.swift; sourceTree = "<group>"; };
		21F8F1D71BF3BDAE0096D2AF /* UIColor+X.swift */ = {isa = PBXFileReference; fileEncoding = 4; lastKnownFileType = sourcecode.swift; path = "UIColor+X.swift"; sourceTree = "<group>"; };
		21FB6AAF1BF53B8E003C82BB /* RootViewController.swift */ = {isa = PBXFileReference; fileEncoding = 4; lastKnownFileType = sourcecode.swift; path = RootViewController.swift; sourceTree = "<group>"; };
/* End PBXFileReference section */

/* Begin PBXFrameworksBuildPhase section */
		21F10F471BF138750035057D /* Frameworks */ = {
			isa = PBXFrameworksBuildPhase;
			buildActionMask = 2147483647;
			files = (
				21A8FA351BFCF5BC0097FCC6 /* CanvasText.framework in Frameworks */,
				21A8F9E41BFCF2F70097FCC6 /* Static.framework in Frameworks */,
				21EECB681BFCF1CB003DF5AC /* CanvasKit.framework in Frameworks */,
				21EECB691BFCF1CB003DF5AC /* OnePasswordExtension.framework in Frameworks */,
				21EECB6A1BFCF1CB003DF5AC /* SSKeychain.framework in Frameworks */,
			);
			runOnlyForDeploymentPostprocessing = 0;
		};
/* End PBXFrameworksBuildPhase section */

/* Begin PBXGroup section */
		2134FADD1BFC09D300AE93CC /* Views */ = {
			isa = PBXGroup;
			children = (
				2134FAE01BFC0A6A00AE93CC /* TextView.swift */,
				21B8D8D81BFC0E0B001ED447 /* CheckboxView.swift */,
				2134FADE1BFC09E300AE93CC /* BulletView.swift */,
			);
			name = Views;
			sourceTree = "<group>";
		};
		21A8FA2B1BFCF59D0097FCC6 /* Products */ = {
			isa = PBXGroup;
			children = (
				21A8FA301BFCF59D0097FCC6 /* CanvasText.framework */,
				21A8FA321BFCF59D0097FCC6 /* CanvasTextTests.xctest */,
			);
			name = Products;
			sourceTree = "<group>";
		};
		21CBBD771BFCF28400D02192 /* Products */ = {
			isa = PBXGroup;
			children = (
				21CBBD7D1BFCF28500D02192 /* Static.framework */,
				21CBBD7F1BFCF28500D02192 /* StaticTests.xctest */,
				21CBBD811BFCF28500D02192 /* Example.app */,
			);
			name = Products;
			sourceTree = "<group>";
		};
		21EECB3D1BFCF194003DF5AC /* Vendor */ = {
			isa = PBXGroup;
			children = (
				21EECB3E1BFCF1A0003DF5AC /* CanvasKit.xcodeproj */,
				21EECB4D1BFCF1A7003DF5AC /* OnePasswordExtension.xcodeproj */,
				21EECB531BFCF1B0003DF5AC /* SSKeychain.xcodeproj */,
				21CBBD761BFCF28400D02192 /* Static.xcodeproj */,
			);
			name = Vendor;
			sourceTree = "<group>";
		};
		21EECB3F1BFCF1A0003DF5AC /* Products */ = {
			isa = PBXGroup;
			children = (
				21EECB461BFCF1A0003DF5AC /* CanvasKit.framework */,
				21EECB481BFCF1A0003DF5AC /* CanvasKit-iOSTests.xctest */,
				21EECB4A1BFCF1A0003DF5AC /* CanvasKit.framework */,
				21EECB4C1BFCF1A0003DF5AC /* CanvasKit-OSXTests.xctest */,
			);
			name = Products;
			sourceTree = "<group>";
		};
		21EECB4E1BFCF1A7003DF5AC /* Products */ = {
			isa = PBXGroup;
			children = (
				21EECB521BFCF1A7003DF5AC /* OnePasswordExtension.framework */,
			);
			name = Products;
			sourceTree = "<group>";
		};
		21EECB541BFCF1B0003DF5AC /* Products */ = {
			isa = PBXGroup;
			children = (
				21EECB5B1BFCF1B0003DF5AC /* SSKeychain.framework */,
				21EECB5D1BFCF1B0003DF5AC /* SSKeychain iOS Tests.xctest */,
				21EECB5F1BFCF1B0003DF5AC /* SSKeychain.framework */,
				21EECB611BFCF1B0003DF5AC /* SSKeychain Mac Tests.xctest */,
			);
			name = Products;
			sourceTree = "<group>";
		};
		21F10F411BF138750035057D = {
			isa = PBXGroup;
			children = (
				21F10F4C1BF138750035057D /* Canvas */,
				21A8FA2A1BFCF59D0097FCC6 /* CanvasText.xcodeproj */,
				21EECB3D1BFCF194003DF5AC /* Vendor */,
				21F10F4B1BF138750035057D /* Products */,
			);
			sourceTree = "<group>";
		};
		21F10F4B1BF138750035057D /* Products */ = {
			isa = PBXGroup;
			children = (
				21F10F4A1BF138750035057D /* Canvas.app */,
			);
			name = Products;
			sourceTree = "<group>";
		};
		21F10F4C1BF138750035057D /* Canvas */ = {
			isa = PBXGroup;
			children = (
				21FB6AAE1BF53B35003C82BB /* Application */,
				21FB6AAD1BF53B2F003C82BB /* View Controllers */,
				2134FADD1BFC09D300AE93CC /* Views */,
				21FB6AAC1BF53B2C003C82BB /* Models */,
				21FB6AAB1BF53AD3003C82BB /* Extensions */,
				21F10F5F1BF13D720035057D /* Resources */,
				2129D30F1BF5634A0018F255 /* Accountable.swift */,
			);
			path = Canvas;
			sourceTree = "<group>";
		};
		21F10F5F1BF13D720035057D /* Resources */ = {
			isa = PBXGroup;
			children = (
				21F10F601BF13D720035057D /* Assets.xcassets */,
				21F10F611BF13D720035057D /* LaunchScreen.storyboard */,
				21F10F631BF13D720035057D /* Info.plist */,
			);
			path = Resources;
			sourceTree = "<group>";
		};
		21FB6AAB1BF53AD3003C82BB /* Extensions */ = {
			isa = PBXGroup;
			children = (
				21F8F1D71BF3BDAE0096D2AF /* UIColor+X.swift */,
			);
			name = Extensions;
			sourceTree = "<group>";
		};
		21FB6AAC1BF53B2C003C82BB /* Models */ = {
			isa = PBXGroup;
			children = (
				21F8F1D51BF3BC650096D2AF /* Theme.swift */,
			);
			name = Models;
			sourceTree = "<group>";
		};
		21FB6AAD1BF53B2F003C82BB /* View Controllers */ = {
			isa = PBXGroup;
			children = (
				21FB6AAF1BF53B8E003C82BB /* RootViewController.swift */,
				2129D3091BF55C340018F255 /* SignInViewController.swift */,
				2129D30D1BF561400018F255 /* CollectionsViewController.swift */,
				2129D3111BF568AB0018F255 /* CanvasesViewController.swift */,
				21F10F4F1BF138750035057D /* EditorViewController.swift */,
			);
			name = "View Controllers";
			sourceTree = "<group>";
		};
		21FB6AAE1BF53B35003C82BB /* Application */ = {
			isa = PBXGroup;
			children = (
				21F10F4D1BF138750035057D /* AppDelegate.swift */,
				2129D30B1BF560810018F255 /* Color.swift */,
			);
			name = Application;
			sourceTree = "<group>";
		};
/* End PBXGroup section */

/* Begin PBXNativeTarget section */
		21F10F491BF138750035057D /* Canvas */ = {
			isa = PBXNativeTarget;
			buildConfigurationList = 21F10F5C1BF138750035057D /* Build configuration list for PBXNativeTarget "Canvas" */;
			buildPhases = (
				21F10F461BF138750035057D /* Sources */,
				21F10F471BF138750035057D /* Frameworks */,
				21F10F481BF138750035057D /* Resources */,
				21F8F1B21BF296480096D2AF /* Embed Frameworks */,
			);
			buildRules = (
			);
			dependencies = (
				21A8FA341BFCF5B80097FCC6 /* PBXTargetDependency */,
				21A8F9DA1BFCF2F30097FCC6 /* PBXTargetDependency */,
				21EECB631BFCF1C3003DF5AC /* PBXTargetDependency */,
				21EECB651BFCF1C3003DF5AC /* PBXTargetDependency */,
				21EECB671BFCF1C3003DF5AC /* PBXTargetDependency */,
			);
			name = Canvas;
			productName = Canvas;
			productReference = 21F10F4A1BF138750035057D /* Canvas.app */;
			productType = "com.apple.product-type.application";
		};
/* End PBXNativeTarget section */

/* Begin PBXProject section */
		21F10F421BF138750035057D /* Project object */ = {
			isa = PBXProject;
			attributes = {
				LastSwiftUpdateCheck = 0720;
				LastUpgradeCheck = 0720;
				ORGANIZATIONNAME = "Canvas Labs, Inc.";
				TargetAttributes = {
					21F10F491BF138750035057D = {
						CreatedOnToolsVersion = 7.1;
						DevelopmentTeam = UP9C8XM22A;
					};
				};
			};
			buildConfigurationList = 21F10F451BF138750035057D /* Build configuration list for PBXProject "Canvas" */;
			compatibilityVersion = "Xcode 3.2";
			developmentRegion = English;
			hasScannedForEncodings = 0;
			knownRegions = (
				en,
				Base,
			);
			mainGroup = 21F10F411BF138750035057D;
			productRefGroup = 21F10F4B1BF138750035057D /* Products */;
			projectDirPath = "";
			projectReferences = (
				{
					ProductGroup = 21EECB3F1BFCF1A0003DF5AC /* Products */;
					ProjectRef = 21EECB3E1BFCF1A0003DF5AC /* CanvasKit.xcodeproj */;
				},
				{
					ProductGroup = 21A8FA2B1BFCF59D0097FCC6 /* Products */;
					ProjectRef = 21A8FA2A1BFCF59D0097FCC6 /* CanvasText.xcodeproj */;
				},
				{
					ProductGroup = 21EECB4E1BFCF1A7003DF5AC /* Products */;
					ProjectRef = 21EECB4D1BFCF1A7003DF5AC /* OnePasswordExtension.xcodeproj */;
				},
				{
					ProductGroup = 21EECB541BFCF1B0003DF5AC /* Products */;
					ProjectRef = 21EECB531BFCF1B0003DF5AC /* SSKeychain.xcodeproj */;
				},
				{
					ProductGroup = 21CBBD771BFCF28400D02192 /* Products */;
					ProjectRef = 21CBBD761BFCF28400D02192 /* Static.xcodeproj */;
				},
			);
			projectRoot = "";
			targets = (
				21F10F491BF138750035057D /* Canvas */,
			);
		};
/* End PBXProject section */

/* Begin PBXReferenceProxy section */
		21A8FA301BFCF59D0097FCC6 /* CanvasText.framework */ = {
			isa = PBXReferenceProxy;
			fileType = wrapper.framework;
			path = CanvasText.framework;
			remoteRef = 21A8FA2F1BFCF59D0097FCC6 /* PBXContainerItemProxy */;
			sourceTree = BUILT_PRODUCTS_DIR;
		};
		21A8FA321BFCF59D0097FCC6 /* CanvasTextTests.xctest */ = {
			isa = PBXReferenceProxy;
			fileType = wrapper.cfbundle;
			path = CanvasTextTests.xctest;
			remoteRef = 21A8FA311BFCF59D0097FCC6 /* PBXContainerItemProxy */;
			sourceTree = BUILT_PRODUCTS_DIR;
		};
		21CBBD7D1BFCF28500D02192 /* Static.framework */ = {
			isa = PBXReferenceProxy;
			fileType = wrapper.framework;
			path = Static.framework;
			remoteRef = 21CBBD7C1BFCF28500D02192 /* PBXContainerItemProxy */;
			sourceTree = BUILT_PRODUCTS_DIR;
		};
		21CBBD7F1BFCF28500D02192 /* StaticTests.xctest */ = {
			isa = PBXReferenceProxy;
			fileType = wrapper.cfbundle;
			path = StaticTests.xctest;
			remoteRef = 21CBBD7E1BFCF28500D02192 /* PBXContainerItemProxy */;
			sourceTree = BUILT_PRODUCTS_DIR;
		};
		21CBBD811BFCF28500D02192 /* Example.app */ = {
			isa = PBXReferenceProxy;
			fileType = wrapper.application;
			path = Example.app;
			remoteRef = 21CBBD801BFCF28500D02192 /* PBXContainerItemProxy */;
			sourceTree = BUILT_PRODUCTS_DIR;
		};
		21EECB461BFCF1A0003DF5AC /* CanvasKit.framework */ = {
			isa = PBXReferenceProxy;
			fileType = wrapper.framework;
			path = CanvasKit.framework;
			remoteRef = 21EECB451BFCF1A0003DF5AC /* PBXContainerItemProxy */;
			sourceTree = BUILT_PRODUCTS_DIR;
		};
		21EECB481BFCF1A0003DF5AC /* CanvasKit-iOSTests.xctest */ = {
			isa = PBXReferenceProxy;
			fileType = wrapper.cfbundle;
			path = "CanvasKit-iOSTests.xctest";
			remoteRef = 21EECB471BFCF1A0003DF5AC /* PBXContainerItemProxy */;
			sourceTree = BUILT_PRODUCTS_DIR;
		};
		21EECB4A1BFCF1A0003DF5AC /* CanvasKit.framework */ = {
			isa = PBXReferenceProxy;
			fileType = wrapper.framework;
			path = CanvasKit.framework;
			remoteRef = 21EECB491BFCF1A0003DF5AC /* PBXContainerItemProxy */;
			sourceTree = BUILT_PRODUCTS_DIR;
		};
		21EECB4C1BFCF1A0003DF5AC /* CanvasKit-OSXTests.xctest */ = {
			isa = PBXReferenceProxy;
			fileType = wrapper.cfbundle;
			path = "CanvasKit-OSXTests.xctest";
			remoteRef = 21EECB4B1BFCF1A0003DF5AC /* PBXContainerItemProxy */;
			sourceTree = BUILT_PRODUCTS_DIR;
		};
		21EECB521BFCF1A7003DF5AC /* OnePasswordExtension.framework */ = {
			isa = PBXReferenceProxy;
			fileType = wrapper.framework;
			path = OnePasswordExtension.framework;
			remoteRef = 21EECB511BFCF1A7003DF5AC /* PBXContainerItemProxy */;
			sourceTree = BUILT_PRODUCTS_DIR;
		};
		21EECB5B1BFCF1B0003DF5AC /* SSKeychain.framework */ = {
			isa = PBXReferenceProxy;
			fileType = wrapper.framework;
			path = SSKeychain.framework;
			remoteRef = 21EECB5A1BFCF1B0003DF5AC /* PBXContainerItemProxy */;
			sourceTree = BUILT_PRODUCTS_DIR;
		};
		21EECB5D1BFCF1B0003DF5AC /* SSKeychain iOS Tests.xctest */ = {
			isa = PBXReferenceProxy;
			fileType = wrapper.cfbundle;
			path = "SSKeychain iOS Tests.xctest";
			remoteRef = 21EECB5C1BFCF1B0003DF5AC /* PBXContainerItemProxy */;
			sourceTree = BUILT_PRODUCTS_DIR;
		};
		21EECB5F1BFCF1B0003DF5AC /* SSKeychain.framework */ = {
			isa = PBXReferenceProxy;
			fileType = wrapper.framework;
			path = SSKeychain.framework;
			remoteRef = 21EECB5E1BFCF1B0003DF5AC /* PBXContainerItemProxy */;
			sourceTree = BUILT_PRODUCTS_DIR;
		};
		21EECB611BFCF1B0003DF5AC /* SSKeychain Mac Tests.xctest */ = {
			isa = PBXReferenceProxy;
			fileType = wrapper.cfbundle;
			path = "SSKeychain Mac Tests.xctest";
			remoteRef = 21EECB601BFCF1B0003DF5AC /* PBXContainerItemProxy */;
			sourceTree = BUILT_PRODUCTS_DIR;
		};
/* End PBXReferenceProxy section */

/* Begin PBXResourcesBuildPhase section */
		21F10F481BF138750035057D /* Resources */ = {
			isa = PBXResourcesBuildPhase;
			buildActionMask = 2147483647;
			files = (
				21F10F651BF13D720035057D /* Assets.xcassets in Resources */,
				21F10F661BF13D720035057D /* LaunchScreen.storyboard in Resources */,
			);
			runOnlyForDeploymentPostprocessing = 0;
		};
/* End PBXResourcesBuildPhase section */

/* Begin PBXSourcesBuildPhase section */
		21F10F461BF138750035057D /* Sources */ = {
			isa = PBXSourcesBuildPhase;
			buildActionMask = 2147483647;
			files = (
				2129D30E1BF561400018F255 /* CollectionsViewController.swift in Sources */,
				21FB6AB01BF53B8E003C82BB /* RootViewController.swift in Sources */,
				21F10F501BF138750035057D /* EditorViewController.swift in Sources */,
				2129D30C1BF560810018F255 /* Color.swift in Sources */,
				2134FADF1BFC09E300AE93CC /* BulletView.swift in Sources */,
				2129D3101BF5634A0018F255 /* Accountable.swift in Sources */,
				2129D30A1BF55C340018F255 /* SignInViewController.swift in Sources */,
				21B8D8D91BFC0E0B001ED447 /* CheckboxView.swift in Sources */,
				21F8F1D81BF3BDAE0096D2AF /* UIColor+X.swift in Sources */,
				21F10F4E1BF138750035057D /* AppDelegate.swift in Sources */,
				2134FAE11BFC0A6A00AE93CC /* TextView.swift in Sources */,
				2129D3121BF568AB0018F255 /* CanvasesViewController.swift in Sources */,
				21F8F1D61BF3BC650096D2AF /* Theme.swift in Sources */,
			);
			runOnlyForDeploymentPostprocessing = 0;
		};
/* End PBXSourcesBuildPhase section */

/* Begin PBXTargetDependency section */
		21A8F9DA1BFCF2F30097FCC6 /* PBXTargetDependency */ = {
			isa = PBXTargetDependency;
			name = "Static-iOS";
			targetProxy = 21A8F9D91BFCF2F30097FCC6 /* PBXContainerItemProxy */;
		};
		21A8FA341BFCF5B80097FCC6 /* PBXTargetDependency */ = {
			isa = PBXTargetDependency;
			name = CanvasText;
			targetProxy = 21A8FA331BFCF5B80097FCC6 /* PBXContainerItemProxy */;
		};
		21EECB631BFCF1C3003DF5AC /* PBXTargetDependency */ = {
			isa = PBXTargetDependency;
			name = "CanvasKit-iOS";
			targetProxy = 21EECB621BFCF1C3003DF5AC /* PBXContainerItemProxy */;
		};
		21EECB651BFCF1C3003DF5AC /* PBXTargetDependency */ = {
			isa = PBXTargetDependency;
			name = OnePasswordExtension;
			targetProxy = 21EECB641BFCF1C3003DF5AC /* PBXContainerItemProxy */;
		};
		21EECB671BFCF1C3003DF5AC /* PBXTargetDependency */ = {
			isa = PBXTargetDependency;
			name = "SSKeychain iOS";
			targetProxy = 21EECB661BFCF1C3003DF5AC /* PBXContainerItemProxy */;
		};
/* End PBXTargetDependency section */

/* Begin PBXVariantGroup section */
		21F10F611BF13D720035057D /* LaunchScreen.storyboard */ = {
			isa = PBXVariantGroup;
			children = (
				21F10F621BF13D720035057D /* Base */,
			);
			name = LaunchScreen.storyboard;
			sourceTree = "<group>";
		};
/* End PBXVariantGroup section */

/* Begin XCBuildConfiguration section */
		21F10F5A1BF138750035057D /* Debug */ = {
			isa = XCBuildConfiguration;
			buildSettings = {
				ALWAYS_SEARCH_USER_PATHS = NO;
				CLANG_CXX_LANGUAGE_STANDARD = "gnu++0x";
				CLANG_CXX_LIBRARY = "libc++";
				CLANG_ENABLE_MODULES = YES;
				CLANG_ENABLE_OBJC_ARC = YES;
				CLANG_WARN_BOOL_CONVERSION = YES;
				CLANG_WARN_CONSTANT_CONVERSION = YES;
				CLANG_WARN_DIRECT_OBJC_ISA_USAGE = YES_ERROR;
				CLANG_WARN_EMPTY_BODY = YES;
				CLANG_WARN_ENUM_CONVERSION = YES;
				CLANG_WARN_INT_CONVERSION = YES;
				CLANG_WARN_OBJC_ROOT_CLASS = YES_ERROR;
				CLANG_WARN_UNREACHABLE_CODE = YES;
				CLANG_WARN__DUPLICATE_METHOD_MATCH = YES;
				"CODE_SIGN_IDENTITY[sdk=iphoneos*]" = "iPhone Developer";
				COPY_PHASE_STRIP = NO;
				DEBUG_INFORMATION_FORMAT = dwarf;
				ENABLE_STRICT_OBJC_MSGSEND = YES;
				ENABLE_TESTABILITY = YES;
				GCC_C_LANGUAGE_STANDARD = gnu99;
				GCC_DYNAMIC_NO_PIC = NO;
				GCC_NO_COMMON_BLOCKS = YES;
				GCC_OPTIMIZATION_LEVEL = 0;
				GCC_PREPROCESSOR_DEFINITIONS = (
					"DEBUG=1",
					"$(inherited)",
				);
				GCC_WARN_64_TO_32_BIT_CONVERSION = YES;
				GCC_WARN_ABOUT_RETURN_TYPE = YES_ERROR;
				GCC_WARN_UNDECLARED_SELECTOR = YES;
				GCC_WARN_UNINITIALIZED_AUTOS = YES_AGGRESSIVE;
				GCC_WARN_UNUSED_FUNCTION = YES;
				GCC_WARN_UNUSED_VARIABLE = YES;
				IPHONEOS_DEPLOYMENT_TARGET = 9.0;
				MTL_ENABLE_DEBUG_INFO = YES;
				ONLY_ACTIVE_ARCH = YES;
				SDKROOT = iphoneos;
				SWIFT_OPTIMIZATION_LEVEL = "-Onone";
				TARGETED_DEVICE_FAMILY = "1,2";
			};
			name = Debug;
		};
		21F10F5B1BF138750035057D /* Release */ = {
			isa = XCBuildConfiguration;
			buildSettings = {
				ALWAYS_SEARCH_USER_PATHS = NO;
				CLANG_CXX_LANGUAGE_STANDARD = "gnu++0x";
				CLANG_CXX_LIBRARY = "libc++";
				CLANG_ENABLE_MODULES = YES;
				CLANG_ENABLE_OBJC_ARC = YES;
				CLANG_WARN_BOOL_CONVERSION = YES;
				CLANG_WARN_CONSTANT_CONVERSION = YES;
				CLANG_WARN_DIRECT_OBJC_ISA_USAGE = YES_ERROR;
				CLANG_WARN_EMPTY_BODY = YES;
				CLANG_WARN_ENUM_CONVERSION = YES;
				CLANG_WARN_INT_CONVERSION = YES;
				CLANG_WARN_OBJC_ROOT_CLASS = YES_ERROR;
				CLANG_WARN_UNREACHABLE_CODE = YES;
				CLANG_WARN__DUPLICATE_METHOD_MATCH = YES;
				"CODE_SIGN_IDENTITY[sdk=iphoneos*]" = "iPhone Developer";
				COPY_PHASE_STRIP = NO;
				DEBUG_INFORMATION_FORMAT = "dwarf-with-dsym";
				ENABLE_NS_ASSERTIONS = NO;
				ENABLE_STRICT_OBJC_MSGSEND = YES;
				GCC_C_LANGUAGE_STANDARD = gnu99;
				GCC_NO_COMMON_BLOCKS = YES;
				GCC_WARN_64_TO_32_BIT_CONVERSION = YES;
				GCC_WARN_ABOUT_RETURN_TYPE = YES_ERROR;
				GCC_WARN_UNDECLARED_SELECTOR = YES;
				GCC_WARN_UNINITIALIZED_AUTOS = YES_AGGRESSIVE;
				GCC_WARN_UNUSED_FUNCTION = YES;
				GCC_WARN_UNUSED_VARIABLE = YES;
				IPHONEOS_DEPLOYMENT_TARGET = 9.0;
				MTL_ENABLE_DEBUG_INFO = NO;
				SDKROOT = iphoneos;
				TARGETED_DEVICE_FAMILY = "1,2";
				VALIDATE_PRODUCT = YES;
			};
			name = Release;
		};
		21F10F5D1BF138750035057D /* Debug */ = {
			isa = XCBuildConfiguration;
			buildSettings = {
				ASSETCATALOG_COMPILER_APPICON_NAME = AppIcon;
				CODE_SIGN_IDENTITY = "iPhone Developer";
				EMBEDDED_CONTENT_CONTAINS_SWIFT = YES;
				FRAMEWORK_SEARCH_PATHS = (
					"$(inherited)",
					"$(PROJECT_DIR)/Carthage/Build/iOS",
				);
				INFOPLIST_FILE = "$(SRCROOT)/Canvas/Resources/Info.plist";
				LD_RUNPATH_SEARCH_PATHS = "$(inherited) @executable_path/Frameworks";
				PRODUCT_BUNDLE_IDENTIFIER = "com.usecanvas.canvas-ios";
				PRODUCT_NAME = "$(TARGET_NAME)";
			};
			name = Debug;
		};
		21F10F5E1BF138750035057D /* Release */ = {
			isa = XCBuildConfiguration;
			buildSettings = {
				ASSETCATALOG_COMPILER_APPICON_NAME = AppIcon;
				CODE_SIGN_IDENTITY = "iPhone Developer";
				EMBEDDED_CONTENT_CONTAINS_SWIFT = YES;
				FRAMEWORK_SEARCH_PATHS = (
					"$(inherited)",
					"$(PROJECT_DIR)/Carthage/Build/iOS",
				);
				INFOPLIST_FILE = "$(SRCROOT)/Canvas/Resources/Info.plist";
				LD_RUNPATH_SEARCH_PATHS = "$(inherited) @executable_path/Frameworks";
				PRODUCT_BUNDLE_IDENTIFIER = "com.usecanvas.canvas-ios";
				PRODUCT_NAME = "$(TARGET_NAME)";
			};
			name = Release;
		};
/* End XCBuildConfiguration section */

/* Begin XCConfigurationList section */
		21F10F451BF138750035057D /* Build configuration list for PBXProject "Canvas" */ = {
			isa = XCConfigurationList;
			buildConfigurations = (
				21F10F5A1BF138750035057D /* Debug */,
				21F10F5B1BF138750035057D /* Release */,
			);
			defaultConfigurationIsVisible = 0;
			defaultConfigurationName = Release;
		};
		21F10F5C1BF138750035057D /* Build configuration list for PBXNativeTarget "Canvas" */ = {
			isa = XCConfigurationList;
			buildConfigurations = (
				21F10F5D1BF138750035057D /* Debug */,
				21F10F5E1BF138750035057D /* Release */,
			);
			defaultConfigurationIsVisible = 0;
			defaultConfigurationName = Release;
		};
/* End XCConfigurationList section */
	};
	rootObject = 21F10F421BF138750035057D /* Project object */;
}
